// !$*UTF8*$!
{
	archiveVersion = 1;
	classes = {
	};
	objectVersion = 46;
	objects = {

/* Begin PBXBuildFile section */
		A1F1497AE640661F985E41F8 /* Pods_weiBo.framework in Frameworks */ = {isa = PBXBuildFile; fileRef = F7D9F20F8982332D266995D1 /* Pods_weiBo.framework */; };
		F81B923E1DEAF1BF00110999 /* NetworkTool.swift in Sources */ = {isa = PBXBuildFile; fileRef = F81B923D1DEAF1BF00110999 /* NetworkTool.swift */; };
		F81B92401DEAF21D00110999 /* NetworkTool+request.swift in Sources */ = {isa = PBXBuildFile; fileRef = F81B923F1DEAF21D00110999 /* NetworkTool+request.swift */; };
		F81B92461DEB17B600110999 /* WBNewFeatureView.swift in Sources */ = {isa = PBXBuildFile; fileRef = F81B92451DEB17B600110999 /* WBNewFeatureView.swift */; };
		F81B92481DEB17D200110999 /* WBWelcomeView.swift in Sources */ = {isa = PBXBuildFile; fileRef = F81B92471DEB17D200110999 /* WBWelcomeView.swift */; };
		F825C2BE1DEDB45E0083836F /* WBOriginalView.swift in Sources */ = {isa = PBXBuildFile; fileRef = F825C2BD1DEDB45E0083836F /* WBOriginalView.swift */; };
		F825C2C01DEDB4750083836F /* WBPictureView.swift in Sources */ = {isa = PBXBuildFile; fileRef = F825C2BF1DEDB4750083836F /* WBPictureView.swift */; };
		F825C2C21DEDB4900083836F /* WBRetweetedView.swift in Sources */ = {isa = PBXBuildFile; fileRef = F825C2C11DEDB4900083836F /* WBRetweetedView.swift */; };
		F825C2C41DEDB4A10083836F /* WBToolView.swift in Sources */ = {isa = PBXBuildFile; fileRef = F825C2C31DEDB4A10083836F /* WBToolView.swift */; };
		F825C2C61DEDB4BC0083836F /* WBStatusCell.swift in Sources */ = {isa = PBXBuildFile; fileRef = F825C2C51DEDB4BC0083836F /* WBStatusCell.swift */; };
		F826FD491DE99E44002F90C2 /* common.swift in Sources */ = {isa = PBXBuildFile; fileRef = F826FD481DE99E44002F90C2 /* common.swift */; };
		F826FD4B1DE99EA7002F90C2 /* UIButton+WJKAddition.swift in Sources */ = {isa = PBXBuildFile; fileRef = F826FD4A1DE99EA7002F90C2 /* UIButton+WJKAddition.swift */; };
		F826FD4D1DE9B824002F90C2 /* Bundle+WJKAddition.swift in Sources */ = {isa = PBXBuildFile; fileRef = F826FD4C1DE9B824002F90C2 /* Bundle+WJKAddition.swift */; };
		F826FD4F1DE9B86D002F90C2 /* UIImageView+WJKAddition.swift in Sources */ = {isa = PBXBuildFile; fileRef = F826FD4E1DE9B86D002F90C2 /* UIImageView+WJKAddition.swift */; };
		F8496AB81DE9DE4700F2FDA5 /* WBOAuthViewController.swift in Sources */ = {isa = PBXBuildFile; fileRef = F8496AB71DE9DE4700F2FDA5 /* WBOAuthViewController.swift */; };
		F849AA641DED8E5000810833 /* WBVisitorModel.swift in Sources */ = {isa = PBXBuildFile; fileRef = F849AA611DED8E5000810833 /* WBVisitorModel.swift */; };
		F849AA651DED8E5000810833 /* WBUserAccountModel.swift in Sources */ = {isa = PBXBuildFile; fileRef = F849AA631DED8E5000810833 /* WBUserAccountModel.swift */; };
		F849AA681DED8F3000810833 /* WBStatusModel.swift in Sources */ = {isa = PBXBuildFile; fileRef = F849AA671DED8F3000810833 /* WBStatusModel.swift */; };
		F849AA6A1DED8F7000810833 /* WBUser.swift in Sources */ = {isa = PBXBuildFile; fileRef = F849AA691DED8F7000810833 /* WBUser.swift */; };
		F849AA6C1DED8FC900810833 /* WBStatusViewModel.swift in Sources */ = {isa = PBXBuildFile; fileRef = F849AA6B1DED8FC900810833 /* WBStatusViewModel.swift */; };
		F8E621121DE723170062E2EB /* UIColor+WJKAddition.swift in Sources */ = {isa = PBXBuildFile; fileRef = F8E620FF1DE723160062E2EB /* UIColor+WJKAddition.swift */; };
		F8E621131DE723170062E2EB /* UILabel+WJKAddition.swift in Sources */ = {isa = PBXBuildFile; fileRef = F8E621001DE723160062E2EB /* UILabel+WJKAddition.swift */; };
		F8E621141DE723170062E2EB /* WBComposeViewController.swift in Sources */ = {isa = PBXBuildFile; fileRef = F8E621031DE723160062E2EB /* WBComposeViewController.swift */; };
		F8E621151DE723170062E2EB /* WBDiscoverViewController.swift in Sources */ = {isa = PBXBuildFile; fileRef = F8E621051DE723160062E2EB /* WBDiscoverViewController.swift */; };
		F8E621161DE723170062E2EB /* WBHomeViewController.swift in Sources */ = {isa = PBXBuildFile; fileRef = F8E621071DE723160062E2EB /* WBHomeViewController.swift */; };
		F8E621171DE723170062E2EB /* main.json in Resources */ = {isa = PBXBuildFile; fileRef = F8E621091DE723160062E2EB /* main.json */; };
		F8E621181DE723170062E2EB /* WBBaseViewController.swift in Sources */ = {isa = PBXBuildFile; fileRef = F8E6210A1DE723160062E2EB /* WBBaseViewController.swift */; };
		F8E621191DE723170062E2EB /* WBRootViewController.swift in Sources */ = {isa = PBXBuildFile; fileRef = F8E6210B1DE723160062E2EB /* WBRootViewController.swift */; };
		F8E6211A1DE723170062E2EB /* WBVisitorView.swift in Sources */ = {isa = PBXBuildFile; fileRef = F8E6210C1DE723160062E2EB /* WBVisitorView.swift */; };
		F8E6211B1DE723170062E2EB /* WBMessageViewController.swift in Sources */ = {isa = PBXBuildFile; fileRef = F8E6210E1DE723160062E2EB /* WBMessageViewController.swift */; };
		F8E6211C1DE723170062E2EB /* WBProfileViewController.swift in Sources */ = {isa = PBXBuildFile; fileRef = F8E621101DE723160062E2EB /* WBProfileViewController.swift */; };
		F8ED111B1DE7151600ED5AA8 /* AppDelegate.swift in Sources */ = {isa = PBXBuildFile; fileRef = F8ED111A1DE7151600ED5AA8 /* AppDelegate.swift */; };
		F8ED11221DE7151600ED5AA8 /* Assets.xcassets in Resources */ = {isa = PBXBuildFile; fileRef = F8ED11211DE7151600ED5AA8 /* Assets.xcassets */; };
/* End PBXBuildFile section */

/* Begin PBXFileReference section */
		21ED7276F9C3C5200691EC62 /* Pods-weiBo.debug.xcconfig */ = {isa = PBXFileReference; includeInIndex = 1; lastKnownFileType = text.xcconfig; name = "Pods-weiBo.debug.xcconfig"; path = "Pods/Target Support Files/Pods-weiBo/Pods-weiBo.debug.xcconfig"; sourceTree = "<group>"; };
		DB84290A49061CCBE0A9BCD5 /* Pods-weiBo.release.xcconfig */ = {isa = PBXFileReference; includeInIndex = 1; lastKnownFileType = text.xcconfig; name = "Pods-weiBo.release.xcconfig"; path = "Pods/Target Support Files/Pods-weiBo/Pods-weiBo.release.xcconfig"; sourceTree = "<group>"; };
		F7D9F20F8982332D266995D1 /* Pods_weiBo.framework */ = {isa = PBXFileReference; explicitFileType = wrapper.framework; includeInIndex = 0; path = Pods_weiBo.framework; sourceTree = BUILT_PRODUCTS_DIR; };
		F81B923D1DEAF1BF00110999 /* NetworkTool.swift */ = {isa = PBXFileReference; fileEncoding = 4; lastKnownFileType = sourcecode.swift; path = NetworkTool.swift; sourceTree = "<group>"; };
		F81B923F1DEAF21D00110999 /* NetworkTool+request.swift */ = {isa = PBXFileReference; fileEncoding = 4; lastKnownFileType = sourcecode.swift; path = "NetworkTool+request.swift"; sourceTree = "<group>"; };
		F81B92451DEB17B600110999 /* WBNewFeatureView.swift */ = {isa = PBXFileReference; fileEncoding = 4; lastKnownFileType = sourcecode.swift; path = WBNewFeatureView.swift; sourceTree = "<group>"; };
		F81B92471DEB17D200110999 /* WBWelcomeView.swift */ = {isa = PBXFileReference; fileEncoding = 4; lastKnownFileType = sourcecode.swift; path = WBWelcomeView.swift; sourceTree = "<group>"; };
		F825C2BD1DEDB45E0083836F /* WBOriginalView.swift */ = {isa = PBXFileReference; fileEncoding = 4; lastKnownFileType = sourcecode.swift; path = WBOriginalView.swift; sourceTree = "<group>"; };
		F825C2BF1DEDB4750083836F /* WBPictureView.swift */ = {isa = PBXFileReference; fileEncoding = 4; lastKnownFileType = sourcecode.swift; path = WBPictureView.swift; sourceTree = "<group>"; };
		F825C2C11DEDB4900083836F /* WBRetweetedView.swift */ = {isa = PBXFileReference; fileEncoding = 4; lastKnownFileType = sourcecode.swift; path = WBRetweetedView.swift; sourceTree = "<group>"; };
		F825C2C31DEDB4A10083836F /* WBToolView.swift */ = {isa = PBXFileReference; fileEncoding = 4; lastKnownFileType = sourcecode.swift; path = WBToolView.swift; sourceTree = "<group>"; };
		F825C2C51DEDB4BC0083836F /* WBStatusCell.swift */ = {isa = PBXFileReference; fileEncoding = 4; lastKnownFileType = sourcecode.swift; path = WBStatusCell.swift; sourceTree = "<group>"; };
		F826FD481DE99E44002F90C2 /* common.swift */ = {isa = PBXFileReference; fileEncoding = 4; lastKnownFileType = sourcecode.swift; name = common.swift; path = Category/common.swift; sourceTree = "<group>"; };
		F826FD4A1DE99EA7002F90C2 /* UIButton+WJKAddition.swift */ = {isa = PBXFileReference; fileEncoding = 4; lastKnownFileType = sourcecode.swift; path = "UIButton+WJKAddition.swift"; sourceTree = "<group>"; };
		F826FD4C1DE9B824002F90C2 /* Bundle+WJKAddition.swift */ = {isa = PBXFileReference; fileEncoding = 4; lastKnownFileType = sourcecode.swift; path = "Bundle+WJKAddition.swift"; sourceTree = "<group>"; };
		F826FD4E1DE9B86D002F90C2 /* UIImageView+WJKAddition.swift */ = {isa = PBXFileReference; fileEncoding = 4; lastKnownFileType = sourcecode.swift; path = "UIImageView+WJKAddition.swift"; sourceTree = "<group>"; };
		F8496AB71DE9DE4700F2FDA5 /* WBOAuthViewController.swift */ = {isa = PBXFileReference; fileEncoding = 4; lastKnownFileType = sourcecode.swift; path = WBOAuthViewController.swift; sourceTree = "<group>"; };
		F849AA611DED8E5000810833 /* WBVisitorModel.swift */ = {isa = PBXFileReference; fileEncoding = 4; lastKnownFileType = sourcecode.swift; path = WBVisitorModel.swift; sourceTree = "<group>"; };
		F849AA631DED8E5000810833 /* WBUserAccountModel.swift */ = {isa = PBXFileReference; fileEncoding = 4; lastKnownFileType = sourcecode.swift; path = WBUserAccountModel.swift; sourceTree = "<group>"; };
		F849AA671DED8F3000810833 /* WBStatusModel.swift */ = {isa = PBXFileReference; fileEncoding = 4; lastKnownFileType = sourcecode.swift; path = WBStatusModel.swift; sourceTree = "<group>"; };
		F849AA691DED8F7000810833 /* WBUser.swift */ = {isa = PBXFileReference; fileEncoding = 4; lastKnownFileType = sourcecode.swift; path = WBUser.swift; sourceTree = "<group>"; };
		F849AA6B1DED8FC900810833 /* WBStatusViewModel.swift */ = {isa = PBXFileReference; fileEncoding = 4; lastKnownFileType = sourcecode.swift; path = WBStatusViewModel.swift; sourceTree = "<group>"; };
		F8E620FF1DE723160062E2EB /* UIColor+WJKAddition.swift */ = {isa = PBXFileReference; fileEncoding = 4; lastKnownFileType = sourcecode.swift; path = "UIColor+WJKAddition.swift"; sourceTree = "<group>"; };
		F8E621001DE723160062E2EB /* UILabel+WJKAddition.swift */ = {isa = PBXFileReference; fileEncoding = 4; lastKnownFileType = sourcecode.swift; path = "UILabel+WJKAddition.swift"; sourceTree = "<group>"; };
		F8E621031DE723160062E2EB /* WBComposeViewController.swift */ = {isa = PBXFileReference; fileEncoding = 4; lastKnownFileType = sourcecode.swift; path = WBComposeViewController.swift; sourceTree = "<group>"; };
		F8E621051DE723160062E2EB /* WBDiscoverViewController.swift */ = {isa = PBXFileReference; fileEncoding = 4; lastKnownFileType = sourcecode.swift; path = WBDiscoverViewController.swift; sourceTree = "<group>"; };
		F8E621071DE723160062E2EB /* WBHomeViewController.swift */ = {isa = PBXFileReference; fileEncoding = 4; lastKnownFileType = sourcecode.swift; path = WBHomeViewController.swift; sourceTree = "<group>"; };
		F8E621091DE723160062E2EB /* main.json */ = {isa = PBXFileReference; fileEncoding = 4; lastKnownFileType = text.json; path = main.json; sourceTree = "<group>"; };
		F8E6210A1DE723160062E2EB /* WBBaseViewController.swift */ = {isa = PBXFileReference; fileEncoding = 4; lastKnownFileType = sourcecode.swift; path = WBBaseViewController.swift; sourceTree = "<group>"; };
		F8E6210B1DE723160062E2EB /* WBRootViewController.swift */ = {isa = PBXFileReference; fileEncoding = 4; lastKnownFileType = sourcecode.swift; path = WBRootViewController.swift; sourceTree = "<group>"; };
		F8E6210C1DE723160062E2EB /* WBVisitorView.swift */ = {isa = PBXFileReference; fileEncoding = 4; lastKnownFileType = sourcecode.swift; path = WBVisitorView.swift; sourceTree = "<group>"; };
		F8E6210E1DE723160062E2EB /* WBMessageViewController.swift */ = {isa = PBXFileReference; fileEncoding = 4; lastKnownFileType = sourcecode.swift; path = WBMessageViewController.swift; sourceTree = "<group>"; };
		F8E621101DE723160062E2EB /* WBProfileViewController.swift */ = {isa = PBXFileReference; fileEncoding = 4; lastKnownFileType = sourcecode.swift; path = WBProfileViewController.swift; sourceTree = "<group>"; };
		F8ED11171DE7151600ED5AA8 /* weiBo.app */ = {isa = PBXFileReference; explicitFileType = wrapper.application; includeInIndex = 0; path = weiBo.app; sourceTree = BUILT_PRODUCTS_DIR; };
		F8ED111A1DE7151600ED5AA8 /* AppDelegate.swift */ = {isa = PBXFileReference; lastKnownFileType = sourcecode.swift; path = AppDelegate.swift; sourceTree = "<group>"; };
		F8ED11211DE7151600ED5AA8 /* Assets.xcassets */ = {isa = PBXFileReference; lastKnownFileType = folder.assetcatalog; path = Assets.xcassets; sourceTree = "<group>"; };
		F8ED11261DE7151600ED5AA8 /* Info.plist */ = {isa = PBXFileReference; lastKnownFileType = text.plist.xml; path = Info.plist; sourceTree = "<group>"; };
/* End PBXFileReference section */

/* Begin PBXFrameworksBuildPhase section */
		F8ED11141DE7151600ED5AA8 /* Frameworks */ = {
			isa = PBXFrameworksBuildPhase;
			buildActionMask = 2147483647;
			files = (
				A1F1497AE640661F985E41F8 /* Pods_weiBo.framework in Frameworks */,
			);
			runOnlyForDeploymentPostprocessing = 0;
		};
/* End PBXFrameworksBuildPhase section */

/* Begin PBXGroup section */
		20C7D34365E25A33BC3762A2 /* Pods */ = {
			isa = PBXGroup;
			children = (
				21ED7276F9C3C5200691EC62 /* Pods-weiBo.debug.xcconfig */,
				DB84290A49061CCBE0A9BCD5 /* Pods-weiBo.release.xcconfig */,
			);
			name = Pods;
			sourceTree = "<group>";
		};
		7AC29290E501D8345106744F /* Frameworks */ = {
			isa = PBXGroup;
			children = (
				F7D9F20F8982332D266995D1 /* Pods_weiBo.framework */,
			);
			name = Frameworks;
			sourceTree = "<group>";
		};
		F81B923C1DEAF1BF00110999 /* NetworkTool */ = {
			isa = PBXGroup;
			children = (
				F81B923D1DEAF1BF00110999 /* NetworkTool.swift */,
				F81B923F1DEAF21D00110999 /* NetworkTool+request.swift */,
			);
			path = NetworkTool;
			sourceTree = "<group>";
		};
		F81B92441DEB175C00110999 /* NewFeature */ = {
			isa = PBXGroup;
			children = (
				F81B92451DEB17B600110999 /* WBNewFeatureView.swift */,
				F81B92471DEB17D200110999 /* WBWelcomeView.swift */,
			);
			path = NewFeature;
			sourceTree = "<group>";
		};
		F825C2BC1DEDB4120083836F /* StatusCell */ = {
			isa = PBXGroup;
			children = (
				F825C2BD1DEDB45E0083836F /* WBOriginalView.swift */,
				F825C2BF1DEDB4750083836F /* WBPictureView.swift */,
				F825C2C11DEDB4900083836F /* WBRetweetedView.swift */,
				F825C2C31DEDB4A10083836F /* WBToolView.swift */,
				F825C2C51DEDB4BC0083836F /* WBStatusCell.swift */,
			);
			path = StatusCell;
			sourceTree = "<group>";
		};
		F8496AB61DE9DE2900F2FDA5 /* OAuthViewController */ = {
			isa = PBXGroup;
			children = (
				F8496AB71DE9DE4700F2FDA5 /* WBOAuthViewController.swift */,
			);
			path = OAuthViewController;
			sourceTree = "<group>";
		};
		F849AA601DED8E5000810833 /* Main */ = {
			isa = PBXGroup;
			children = (
				F849AA611DED8E5000810833 /* WBVisitorModel.swift */,
			);
			path = Main;
			sourceTree = "<group>";
		};
		F849AA621DED8E5000810833 /* UserAccount */ = {
			isa = PBXGroup;
			children = (
				F849AA631DED8E5000810833 /* WBUserAccountModel.swift */,
			);
			path = UserAccount;
			sourceTree = "<group>";
		};
		F849AA661DED8EB000810833 /* Home */ = {
			isa = PBXGroup;
			children = (
				F849AA671DED8F3000810833 /* WBStatusModel.swift */,
				F849AA691DED8F7000810833 /* WBUser.swift */,
			);
			path = Home;
			sourceTree = "<group>";
		};
		F8E620FA1DE723160062E2EB /* Classes */ = {
			isa = PBXGroup;
			children = (
				F8E620FB1DE723160062E2EB /* Model */,
				F8E620FC1DE723160062E2EB /* ThirdLib */,
				F8E620FD1DE723160062E2EB /* Utilities */,
				F8E621011DE723160062E2EB /* View */,
				F8E621111DE723160062E2EB /* ViewModel */,
			);
			path = Classes;
			sourceTree = "<group>";
		};
		F8E620FB1DE723160062E2EB /* Model */ = {
			isa = PBXGroup;
			children = (
				F849AA661DED8EB000810833 /* Home */,
				F849AA601DED8E5000810833 /* Main */,
				F849AA621DED8E5000810833 /* UserAccount */,
			);
			path = Model;
			sourceTree = "<group>";
		};
		F8E620FC1DE723160062E2EB /* ThirdLib */ = {
			isa = PBXGroup;
			children = (
			);
			path = ThirdLib;
			sourceTree = "<group>";
		};
		F8E620FD1DE723160062E2EB /* Utilities */ = {
			isa = PBXGroup;
			children = (
				F826FD481DE99E44002F90C2 /* common.swift */,
				F8E620FE1DE723160062E2EB /* Category */,
				F81B923C1DEAF1BF00110999 /* NetworkTool */,
			);
			path = Utilities;
			sourceTree = "<group>";
		};
		F8E620FE1DE723160062E2EB /* Category */ = {
			isa = PBXGroup;
			children = (
				F826FD4C1DE9B824002F90C2 /* Bundle+WJKAddition.swift */,
				F826FD4A1DE99EA7002F90C2 /* UIButton+WJKAddition.swift */,
				F8E620FF1DE723160062E2EB /* UIColor+WJKAddition.swift */,
				F826FD4E1DE9B86D002F90C2 /* UIImageView+WJKAddition.swift */,
				F8E621001DE723160062E2EB /* UILabel+WJKAddition.swift */,
			);
			path = Category;
			sourceTree = "<group>";
		};
		F8E621011DE723160062E2EB /* View */ = {
			isa = PBXGroup;
			children = (
				F8496AB61DE9DE2900F2FDA5 /* OAuthViewController */,
				F8E621021DE723160062E2EB /* Compose */,
				F8E621041DE723160062E2EB /* Discover */,
				F8E621061DE723160062E2EB /* Home */,
				F8E621081DE723160062E2EB /* Main */,
				F8E6210D1DE723160062E2EB /* Message */,
				F8E6210F1DE723160062E2EB /* Profile */,
			);
			path = View;
			sourceTree = "<group>";
		};
		F8E621021DE723160062E2EB /* Compose */ = {
			isa = PBXGroup;
			children = (
				F8E621031DE723160062E2EB /* WBComposeViewController.swift */,
			);
			path = Compose;
			sourceTree = "<group>";
		};
		F8E621041DE723160062E2EB /* Discover */ = {
			isa = PBXGroup;
			children = (
				F8E621051DE723160062E2EB /* WBDiscoverViewController.swift */,
			);
			path = Discover;
			sourceTree = "<group>";
		};
		F8E621061DE723160062E2EB /* Home */ = {
			isa = PBXGroup;
			children = (
				F825C2BC1DEDB4120083836F /* StatusCell */,
				F8E621071DE723160062E2EB /* WBHomeViewController.swift */,
			);
			path = Home;
			sourceTree = "<group>";
		};
		F8E621081DE723160062E2EB /* Main */ = {
			isa = PBXGroup;
			children = (
				F81B92441DEB175C00110999 /* NewFeature */,
				F8E621091DE723160062E2EB /* main.json */,
				F8E6210B1DE723160062E2EB /* WBRootViewController.swift */,
				F8E6210A1DE723160062E2EB /* WBBaseViewController.swift */,
				F8E6210C1DE723160062E2EB /* WBVisitorView.swift */,
			);
			path = Main;
			sourceTree = "<group>";
		};
		F8E6210D1DE723160062E2EB /* Message */ = {
			isa = PBXGroup;
			children = (
				F8E6210E1DE723160062E2EB /* WBMessageViewController.swift */,
			);
			path = Message;
			sourceTree = "<group>";
		};
		F8E6210F1DE723160062E2EB /* Profile */ = {
			isa = PBXGroup;
			children = (
				F8E621101DE723160062E2EB /* WBProfileViewController.swift */,
			);
			path = Profile;
			sourceTree = "<group>";
		};
		F8E621111DE723160062E2EB /* ViewModel */ = {
			isa = PBXGroup;
			children = (
				F849AA6B1DED8FC900810833 /* WBStatusViewModel.swift */,
			);
			path = ViewModel;
			sourceTree = "<group>";
		};
		F8ED110E1DE7151600ED5AA8 = {
			isa = PBXGroup;
			children = (
				F8ED11191DE7151600ED5AA8 /* weiBo */,
				F8ED11181DE7151600ED5AA8 /* Products */,
				20C7D34365E25A33BC3762A2 /* Pods */,
				7AC29290E501D8345106744F /* Frameworks */,
			);
			sourceTree = "<group>";
		};
		F8ED11181DE7151600ED5AA8 /* Products */ = {
			isa = PBXGroup;
			children = (
				F8ED11171DE7151600ED5AA8 /* weiBo.app */,
			);
			name = Products;
			sourceTree = "<group>";
		};
		F8ED11191DE7151600ED5AA8 /* weiBo */ = {
			isa = PBXGroup;
			children = (
				F8ED111A1DE7151600ED5AA8 /* AppDelegate.swift */,
				F8E620FA1DE723160062E2EB /* Classes */,
				F8ED11211DE7151600ED5AA8 /* Assets.xcassets */,
				F8ED11261DE7151600ED5AA8 /* Info.plist */,
			);
			path = weiBo;
			sourceTree = "<group>";
		};
/* End PBXGroup section */

/* Begin PBXNativeTarget section */
		F8ED11161DE7151600ED5AA8 /* weiBo */ = {
			isa = PBXNativeTarget;
			buildConfigurationList = F8ED11291DE7151600ED5AA8 /* Build configuration list for PBXNativeTarget "weiBo" */;
			buildPhases = (
				10483A1CBD61B1818C037020 /* [CP] Check Pods Manifest.lock */,
				F8ED11131DE7151600ED5AA8 /* Sources */,
				F8ED11141DE7151600ED5AA8 /* Frameworks */,
				F8ED11151DE7151600ED5AA8 /* Resources */,
				E21C0DE952A5F74943AF1E38 /* [CP] Embed Pods Frameworks */,
				DA6501E6C24AF09548A5C3D1 /* [CP] Copy Pods Resources */,
			);
			buildRules = (
			);
			dependencies = (
			);
			name = weiBo;
			productName = weiBo;
			productReference = F8ED11171DE7151600ED5AA8 /* weiBo.app */;
			productType = "com.apple.product-type.application";
		};
/* End PBXNativeTarget section */

/* Begin PBXProject section */
		F8ED110F1DE7151600ED5AA8 /* Project object */ = {
			isa = PBXProject;
			attributes = {
				CLASSPREFIX = WB;
				LastSwiftUpdateCheck = 0810;
				LastUpgradeCheck = 0810;
				ORGANIZATIONNAME = "王靖凯";
				TargetAttributes = {
					F8ED11161DE7151600ED5AA8 = {
						CreatedOnToolsVersion = 8.1;
						DevelopmentTeam = 8QAM996SBN;
						ProvisioningStyle = Automatic;
					};
				};
			};
			buildConfigurationList = F8ED11121DE7151600ED5AA8 /* Build configuration list for PBXProject "weiBo" */;
			compatibilityVersion = "Xcode 3.2";
			developmentRegion = English;
			hasScannedForEncodings = 0;
			knownRegions = (
				en,
				Base,
			);
			mainGroup = F8ED110E1DE7151600ED5AA8;
			productRefGroup = F8ED11181DE7151600ED5AA8 /* Products */;
			projectDirPath = "";
			projectRoot = "";
			targets = (
				F8ED11161DE7151600ED5AA8 /* weiBo */,
			);
		};
/* End PBXProject section */

/* Begin PBXResourcesBuildPhase section */
		F8ED11151DE7151600ED5AA8 /* Resources */ = {
			isa = PBXResourcesBuildPhase;
			buildActionMask = 2147483647;
			files = (
				F8E621171DE723170062E2EB /* main.json in Resources */,
				F8ED11221DE7151600ED5AA8 /* Assets.xcassets in Resources */,
			);
			runOnlyForDeploymentPostprocessing = 0;
		};
/* End PBXResourcesBuildPhase section */

/* Begin PBXShellScriptBuildPhase section */
		10483A1CBD61B1818C037020 /* [CP] Check Pods Manifest.lock */ = {
			isa = PBXShellScriptBuildPhase;
			buildActionMask = 2147483647;
			files = (
			);
			inputPaths = (
			);
			name = "[CP] Check Pods Manifest.lock";
			outputPaths = (
			);
			runOnlyForDeploymentPostprocessing = 0;
			shellPath = /bin/sh;
			shellScript = "diff \"${PODS_ROOT}/../Podfile.lock\" \"${PODS_ROOT}/Manifest.lock\" > /dev/null\nif [ $? != 0 ] ; then\n    # print error to STDERR\n    echo \"error: The sandbox is not in sync with the Podfile.lock. Run 'pod install' or update your CocoaPods installation.\" >&2\n    exit 1\nfi\n";
			showEnvVarsInLog = 0;
		};
		DA6501E6C24AF09548A5C3D1 /* [CP] Copy Pods Resources */ = {
			isa = PBXShellScriptBuildPhase;
			buildActionMask = 2147483647;
			files = (
			);
			inputPaths = (
			);
			name = "[CP] Copy Pods Resources";
			outputPaths = (
			);
			runOnlyForDeploymentPostprocessing = 0;
			shellPath = /bin/sh;
			shellScript = "\"${SRCROOT}/Pods/Target Support Files/Pods-weiBo/Pods-weiBo-resources.sh\"\n";
			showEnvVarsInLog = 0;
		};
		E21C0DE952A5F74943AF1E38 /* [CP] Embed Pods Frameworks */ = {
			isa = PBXShellScriptBuildPhase;
			buildActionMask = 2147483647;
			files = (
			);
			inputPaths = (
			);
			name = "[CP] Embed Pods Frameworks";
			outputPaths = (
			);
			runOnlyForDeploymentPostprocessing = 0;
			shellPath = /bin/sh;
			shellScript = "\"${SRCROOT}/Pods/Target Support Files/Pods-weiBo/Pods-weiBo-frameworks.sh\"\n";
			showEnvVarsInLog = 0;
		};
/* End PBXShellScriptBuildPhase section */

/* Begin PBXSourcesBuildPhase section */
		F8ED11131DE7151600ED5AA8 /* Sources */ = {
			isa = PBXSourcesBuildPhase;
			buildActionMask = 2147483647;
			files = (
				F8E621181DE723170062E2EB /* WBBaseViewController.swift in Sources */,
				F826FD4B1DE99EA7002F90C2 /* UIButton+WJKAddition.swift in Sources */,
				F81B92481DEB17D200110999 /* WBWelcomeView.swift in Sources */,
				F849AA651DED8E5000810833 /* WBUserAccountModel.swift in Sources */,
				F8496AB81DE9DE4700F2FDA5 /* WBOAuthViewController.swift in Sources */,
				F81B92401DEAF21D00110999 /* NetworkTool+request.swift in Sources */,
				F8E621191DE723170062E2EB /* WBRootViewController.swift in Sources */,
				F8E621151DE723170062E2EB /* WBDiscoverViewController.swift in Sources */,
				F849AA6A1DED8F7000810833 /* WBUser.swift in Sources */,
				F825C2C61DEDB4BC0083836F /* WBStatusCell.swift in Sources */,
				F826FD4F1DE9B86D002F90C2 /* UIImageView+WJKAddition.swift in Sources */,
				F81B92461DEB17B600110999 /* WBNewFeatureView.swift in Sources */,
				F849AA641DED8E5000810833 /* WBVisitorModel.swift in Sources */,
				F825C2C41DEDB4A10083836F /* WBToolView.swift in Sources */,
				F8E621121DE723170062E2EB /* UIColor+WJKAddition.swift in Sources */,
				F8E621161DE723170062E2EB /* WBHomeViewController.swift in Sources */,
				F8E6211A1DE723170062E2EB /* WBVisitorView.swift in Sources */,
				F8ED111B1DE7151600ED5AA8 /* AppDelegate.swift in Sources */,
				F849AA6C1DED8FC900810833 /* WBStatusViewModel.swift in Sources */,
				F8E6211C1DE723170062E2EB /* WBProfileViewController.swift in Sources */,
				F8E6211B1DE723170062E2EB /* WBMessageViewController.swift in Sources */,
				F825C2C21DEDB4900083836F /* WBRetweetedView.swift in Sources */,
				F8E621141DE723170062E2EB /* WBComposeViewController.swift in Sources */,
				F81B923E1DEAF1BF00110999 /* NetworkTool.swift in Sources */,
				F849AA681DED8F3000810833 /* WBStatusModel.swift in Sources */,
				F826FD4D1DE9B824002F90C2 /* Bundle+WJKAddition.swift in Sources */,
				F825C2BE1DEDB45E0083836F /* WBOriginalView.swift in Sources */,
				F826FD491DE99E44002F90C2 /* common.swift in Sources */,
				F8E621131DE723170062E2EB /* UILabel+WJKAddition.swift in Sources */,
				F825C2C01DEDB4750083836F /* WBPictureView.swift in Sources */,
			);
			runOnlyForDeploymentPostprocessing = 0;
		};
/* End PBXSourcesBuildPhase section */

/* Begin XCBuildConfiguration section */
		F8ED11271DE7151600ED5AA8 /* Debug */ = {
			isa = XCBuildConfiguration;
			buildSettings = {
				ALWAYS_SEARCH_USER_PATHS = NO;
				CLANG_ANALYZER_NONNULL = YES;
				CLANG_CXX_LANGUAGE_STANDARD = "gnu++0x";
				CLANG_CXX_LIBRARY = "libc++";
				CLANG_ENABLE_MODULES = YES;
				CLANG_ENABLE_OBJC_ARC = YES;
				CLANG_WARN_BOOL_CONVERSION = YES;
				CLANG_WARN_CONSTANT_CONVERSION = YES;
				CLANG_WARN_DIRECT_OBJC_ISA_USAGE = YES_ERROR;
				CLANG_WARN_DOCUMENTATION_COMMENTS = YES;
				CLANG_WARN_EMPTY_BODY = YES;
				CLANG_WARN_ENUM_CONVERSION = YES;
				CLANG_WARN_INFINITE_RECURSION = YES;
				CLANG_WARN_INT_CONVERSION = YES;
				CLANG_WARN_OBJC_ROOT_CLASS = YES_ERROR;
				CLANG_WARN_SUSPICIOUS_MOVE = YES;
				CLANG_WARN_SUSPICIOUS_MOVES = YES;
				CLANG_WARN_UNREACHABLE_CODE = YES;
				CLANG_WARN__DUPLICATE_METHOD_MATCH = YES;
				"CODE_SIGN_IDENTITY[sdk=iphoneos*]" = "iPhone Developer";
				COPY_PHASE_STRIP = NO;
				DEBUG_INFORMATION_FORMAT = dwarf;
				ENABLE_STRICT_OBJC_MSGSEND = YES;
				ENABLE_TESTABILITY = YES;
				GCC_C_LANGUAGE_STANDARD = gnu99;
				GCC_DYNAMIC_NO_PIC = NO;
				GCC_NO_COMMON_BLOCKS = YES;
				GCC_OPTIMIZATION_LEVEL = 0;
				GCC_PREPROCESSOR_DEFINITIONS = (
					"DEBUG=1",
					"$(inherited)",
				);
				GCC_WARN_64_TO_32_BIT_CONVERSION = YES;
				GCC_WARN_ABOUT_RETURN_TYPE = YES_ERROR;
				GCC_WARN_UNDECLARED_SELECTOR = YES;
				GCC_WARN_UNINITIALIZED_AUTOS = YES_AGGRESSIVE;
				GCC_WARN_UNUSED_FUNCTION = YES;
				GCC_WARN_UNUSED_VARIABLE = YES;
				IPHONEOS_DEPLOYMENT_TARGET = 10.1;
				MTL_ENABLE_DEBUG_INFO = YES;
				ONLY_ACTIVE_ARCH = YES;
				SDKROOT = iphoneos;
				SWIFT_ACTIVE_COMPILATION_CONDITIONS = DEBUG;
				SWIFT_OPTIMIZATION_LEVEL = "-Onone";
			};
			name = Debug;
		};
		F8ED11281DE7151600ED5AA8 /* Release */ = {
			isa = XCBuildConfiguration;
			buildSettings = {
				ALWAYS_SEARCH_USER_PATHS = NO;
				CLANG_ANALYZER_NONNULL = YES;
				CLANG_CXX_LANGUAGE_STANDARD = "gnu++0x";
				CLANG_CXX_LIBRARY = "libc++";
				CLANG_ENABLE_MODULES = YES;
				CLANG_ENABLE_OBJC_ARC = YES;
				CLANG_WARN_BOOL_CONVERSION = YES;
				CLANG_WARN_CONSTANT_CONVERSION = YES;
				CLANG_WARN_DIRECT_OBJC_ISA_USAGE = YES_ERROR;
				CLANG_WARN_DOCUMENTATION_COMMENTS = YES;
				CLANG_WARN_EMPTY_BODY = YES;
				CLANG_WARN_ENUM_CONVERSION = YES;
				CLANG_WARN_INFINITE_RECURSION = YES;
				CLANG_WARN_INT_CONVERSION = YES;
				CLANG_WARN_OBJC_ROOT_CLASS = YES_ERROR;
				CLANG_WARN_SUSPICIOUS_MOVE = YES;
				CLANG_WARN_SUSPICIOUS_MOVES = YES;
				CLANG_WARN_UNREACHABLE_CODE = YES;
				CLANG_WARN__DUPLICATE_METHOD_MATCH = YES;
				"CODE_SIGN_IDENTITY[sdk=iphoneos*]" = "iPhone Developer";
				COPY_PHASE_STRIP = NO;
				DEBUG_INFORMATION_FORMAT = "dwarf-with-dsym";
				ENABLE_NS_ASSERTIONS = NO;
				ENABLE_STRICT_OBJC_MSGSEND = YES;
				GCC_C_LANGUAGE_STANDARD = gnu99;
				GCC_NO_COMMON_BLOCKS = YES;
				GCC_WARN_64_TO_32_BIT_CONVERSION = YES;
				GCC_WARN_ABOUT_RETURN_TYPE = YES_ERROR;
				GCC_WARN_UNDECLARED_SELECTOR = YES;
				GCC_WARN_UNINITIALIZED_AUTOS = YES_AGGRESSIVE;
				GCC_WARN_UNUSED_FUNCTION = YES;
				GCC_WARN_UNUSED_VARIABLE = YES;
				IPHONEOS_DEPLOYMENT_TARGET = 10.1;
				MTL_ENABLE_DEBUG_INFO = NO;
				SDKROOT = iphoneos;
				SWIFT_OPTIMIZATION_LEVEL = "-Owholemodule";
				VALIDATE_PRODUCT = YES;
			};
			name = Release;
		};
		F8ED112A1DE7151600ED5AA8 /* Debug */ = {
			isa = XCBuildConfiguration;
			baseConfigurationReference = 21ED7276F9C3C5200691EC62 /* Pods-weiBo.debug.xcconfig */;
			buildSettings = {
				ALWAYS_EMBED_SWIFT_STANDARD_LIBRARIES = YES;
				ASSETCATALOG_COMPILER_APPICON_NAME = AppIcon;
				ASSETCATALOG_COMPILER_LAUNCHIMAGE_NAME = LaunchImage;
				DEVELOPMENT_TEAM = 8QAM996SBN;
				INFOPLIST_FILE = weiBo/Info.plist;
				IPHONEOS_DEPLOYMENT_TARGET = 9;
				LD_RUNPATH_SEARCH_PATHS = "$(inherited) @executable_path/Frameworks";
				PRODUCT_BUNDLE_IDENTIFIER = wjk930726.weiBo;
				PRODUCT_NAME = "$(TARGET_NAME)";
				SWIFT_VERSION = 3.0;
			};
			name = Debug;
		};
		F8ED112B1DE7151600ED5AA8 /* Release */ = {
			isa = XCBuildConfiguration;
			baseConfigurationReference = DB84290A49061CCBE0A9BCD5 /* Pods-weiBo.release.xcconfig */;
			buildSettings = {
				ALWAYS_EMBED_SWIFT_STANDARD_LIBRARIES = YES;
				ASSETCATALOG_COMPILER_APPICON_NAME = AppIcon;
				ASSETCATALOG_COMPILER_LAUNCHIMAGE_NAME = LaunchImage;
				DEVELOPMENT_TEAM = 8QAM996SBN;
				INFOPLIST_FILE = weiBo/Info.plist;
				IPHONEOS_DEPLOYMENT_TARGET = 9;
				LD_RUNPATH_SEARCH_PATHS = "$(inherited) @executable_path/Frameworks";
				PRODUCT_BUNDLE_IDENTIFIER = wjk930726.weiBo;
				PRODUCT_NAME = "$(TARGET_NAME)";
				SWIFT_VERSION = 3.0;
			};
			name = Release;
		};
/* End XCBuildConfiguration section */

/* Begin XCConfigurationList section */
		F8ED11121DE7151600ED5AA8 /* Build configuration list for PBXProject "weiBo" */ = {
			isa = XCConfigurationList;
			buildConfigurations = (
				F8ED11271DE7151600ED5AA8 /* Debug */,
				F8ED11281DE7151600ED5AA8 /* Release */,
			);
			defaultConfigurationIsVisible = 0;
			defaultConfigurationName = Release;
		};
		F8ED11291DE7151600ED5AA8 /* Build configuration list for PBXNativeTarget "weiBo" */ = {
			isa = XCConfigurationList;
			buildConfigurations = (
				F8ED112A1DE7151600ED5AA8 /* Debug */,
				F8ED112B1DE7151600ED5AA8 /* Release */,
			);
			defaultConfigurationIsVisible = 0;
			defaultConfigurationName = Release;
		};
/* End XCConfigurationList section */
	};
	rootObject = F8ED110F1DE7151600ED5AA8 /* Project object */;
}
