// !$*UTF8*$!
{
	archiveVersion = 1;
	classes = {
	};
	objectVersion = 46;
	objects = {

/* Begin PBXBuildFile section */
		A1F1497AE640661F985E41F8 /* Pods_weiBo.framework in Frameworks */ = {isa = PBXBuildFile; fileRef = F7D9F20F8982332D266995D1 /* Pods_weiBo.framework */; };
		F800438B1FC4288D00E8244D /* WBRegisterViewController.swift in Sources */ = {isa = PBXBuildFile; fileRef = F800438A1FC4288D00E8244D /* WBRegisterViewController.swift */; };
		F80770491DF6D7AF00CA7CC7 /* String+Emoji.swift in Sources */ = {isa = PBXBuildFile; fileRef = F80770481DF6D7AF00CA7CC7 /* String+Emoji.swift */; };
		F807704B1DF6E72900CA7CC7 /* WBEmotionModel.swift in Sources */ = {isa = PBXBuildFile; fileRef = F807704A1DF6E72900CA7CC7 /* WBEmotionModel.swift */; };
		F807704D1DF6E81700CA7CC7 /* WBEmotionTool.swift in Sources */ = {isa = PBXBuildFile; fileRef = F807704C1DF6E81700CA7CC7 /* WBEmotionTool.swift */; };
		F818DE711FBCCF8000C1CABE /* AppDelegate+AppService.swift in Sources */ = {isa = PBXBuildFile; fileRef = F818DE701FBCCF8000C1CABE /* AppDelegate+AppService.swift */; };
		F81B92461DEB17B600110999 /* WBNewFeatureView.swift in Sources */ = {isa = PBXBuildFile; fileRef = F81B92451DEB17B600110999 /* WBNewFeatureView.swift */; };
		F81B92481DEB17D200110999 /* WBWelcomeView.swift in Sources */ = {isa = PBXBuildFile; fileRef = F81B92471DEB17D200110999 /* WBWelcomeView.swift */; };
		F8215BD91FC0844700042571 /* Launch Screen.storyboard in Resources */ = {isa = PBXBuildFile; fileRef = F8215BD81FC0844700042571 /* Launch Screen.storyboard */; };
		F825C2BE1DEDB45E0083836F /* WBOriginalView.swift in Sources */ = {isa = PBXBuildFile; fileRef = F825C2BD1DEDB45E0083836F /* WBOriginalView.swift */; };
		F825C2C01DEDB4750083836F /* WBPictureView.swift in Sources */ = {isa = PBXBuildFile; fileRef = F825C2BF1DEDB4750083836F /* WBPictureView.swift */; };
		F825C2C21DEDB4900083836F /* WBRetweetedView.swift in Sources */ = {isa = PBXBuildFile; fileRef = F825C2C11DEDB4900083836F /* WBRetweetedView.swift */; };
		F825C2C41DEDB4A10083836F /* WBToolView.swift in Sources */ = {isa = PBXBuildFile; fileRef = F825C2C31DEDB4A10083836F /* WBToolView.swift */; };
		F825C2C61DEDB4BC0083836F /* WBStatusCell.swift in Sources */ = {isa = PBXBuildFile; fileRef = F825C2C51DEDB4BC0083836F /* WBStatusCell.swift */; };
		F826FD491DE99E44002F90C2 /* common.swift in Sources */ = {isa = PBXBuildFile; fileRef = F826FD481DE99E44002F90C2 /* common.swift */; };
		F826FD4B1DE99EA7002F90C2 /* UIButton+WJKAddition.swift in Sources */ = {isa = PBXBuildFile; fileRef = F826FD4A1DE99EA7002F90C2 /* UIButton+WJKAddition.swift */; };
		F826FD4D1DE9B824002F90C2 /* Bundle+WJKAddition.swift in Sources */ = {isa = PBXBuildFile; fileRef = F826FD4C1DE9B824002F90C2 /* Bundle+WJKAddition.swift */; };
		F826FD4F1DE9B86D002F90C2 /* UIImageView+WJKAddition.swift in Sources */ = {isa = PBXBuildFile; fileRef = F826FD4E1DE9B86D002F90C2 /* UIImageView+WJKAddition.swift */; };
		F82780911DF1B3680093A1A7 /* WBStatusListViewModel.swift in Sources */ = {isa = PBXBuildFile; fileRef = F82780901DF1B3680093A1A7 /* WBStatusListViewModel.swift */; };
		F83126011FBD835100BC8E82 /* weiBoTests.swift in Sources */ = {isa = PBXBuildFile; fileRef = F83126001FBD835100BC8E82 /* weiBoTests.swift */; };
		F8496AB81DE9DE4700F2FDA5 /* WBOAuthViewController.swift in Sources */ = {isa = PBXBuildFile; fileRef = F8496AB71DE9DE4700F2FDA5 /* WBOAuthViewController.swift */; };
		F849AA641DED8E5000810833 /* WBVisitorModel.swift in Sources */ = {isa = PBXBuildFile; fileRef = F849AA611DED8E5000810833 /* WBVisitorModel.swift */; };
		F849AA651DED8E5000810833 /* WBUserAccountModel.swift in Sources */ = {isa = PBXBuildFile; fileRef = F849AA631DED8E5000810833 /* WBUserAccountModel.swift */; };
		F849AA681DED8F3000810833 /* WBStatusModel.swift in Sources */ = {isa = PBXBuildFile; fileRef = F849AA671DED8F3000810833 /* WBStatusModel.swift */; };
		F849AA6A1DED8F7000810833 /* WBUser.swift in Sources */ = {isa = PBXBuildFile; fileRef = F849AA691DED8F7000810833 /* WBUser.swift */; };
		F849AA6C1DED8FC900810833 /* WBStatusViewModel.swift in Sources */ = {isa = PBXBuildFile; fileRef = F849AA6B1DED8FC900810833 /* WBStatusViewModel.swift */; };
		F84C5A171DEEE26900EC4F0A /* Date+WJKAddition.swift in Sources */ = {isa = PBXBuildFile; fileRef = F84C5A161DEEE26900EC4F0A /* Date+WJKAddition.swift */; };
		F84C5A191DEEF7A300EC4F0A /* UIImage+WJKAddition.swift in Sources */ = {isa = PBXBuildFile; fileRef = F84C5A181DEEF7A300EC4F0A /* UIImage+WJKAddition.swift */; };
		F89250D91FC9BCED0045DC8E /* WBControlView.swift in Sources */ = {isa = PBXBuildFile; fileRef = F89250D81FC9BCED0045DC8E /* WBControlView.swift */; };
		F8A63AA41DEF0D6C00EC93B0 /* WBPicUrlsModel.swift in Sources */ = {isa = PBXBuildFile; fileRef = F8A63AA31DEF0D6C00EC93B0 /* WBPicUrlsModel.swift */; };
		F8B3C4421DF2E5AB005C7434 /* WBPhotoBrowserViewController.swift in Sources */ = {isa = PBXBuildFile; fileRef = F8B3C4411DF2E5AB005C7434 /* WBPhotoBrowserViewController.swift */; };
		F8B3C4441DF2E5C0005C7434 /* WBPhotoViewer.swift in Sources */ = {isa = PBXBuildFile; fileRef = F8B3C4431DF2E5C0005C7434 /* WBPhotoViewer.swift */; };
		F8B3C4461DF2FD05005C7434 /* WBComposeTextView.swift in Sources */ = {isa = PBXBuildFile; fileRef = F8B3C4451DF2FD05005C7434 /* WBComposeTextView.swift */; };
		F8C17A381DF8217F0039F43B /* NetworkTool+request.swift in Sources */ = {isa = PBXBuildFile; fileRef = F8C17A361DF8217F0039F43B /* NetworkTool+request.swift */; };
		F8C17A391DF8217F0039F43B /* NetworkManager.swift in Sources */ = {isa = PBXBuildFile; fileRef = F8C17A371DF8217F0039F43B /* NetworkManager.swift */; };
		F8C17A3B1DF821BE0039F43B /* AXLabel.swift in Sources */ = {isa = PBXBuildFile; fileRef = F8C17A3A1DF821BE0039F43B /* AXLabel.swift */; };
		F8C17A3E1DF826C70039F43B /* SqliteManger.swift in Sources */ = {isa = PBXBuildFile; fileRef = F8C17A3D1DF826C70039F43B /* SqliteManger.swift */; };
		F8E012661DF57F760036DD4D /* WBComposeCell.swift in Sources */ = {isa = PBXBuildFile; fileRef = F8E012651DF57F760036DD4D /* WBComposeCell.swift */; };
		F8E012681DF57F990036DD4D /* WBEmotionKeyBoard.swift in Sources */ = {isa = PBXBuildFile; fileRef = F8E012671DF57F990036DD4D /* WBEmotionKeyBoard.swift */; };
		F8E0126A1DF57FB50036DD4D /* WBEmotionToolBar.swift in Sources */ = {isa = PBXBuildFile; fileRef = F8E012691DF57FB50036DD4D /* WBEmotionToolBar.swift */; };
		F8E0126C1DF57FCE0036DD4D /* WBEmotionKeyboardCell.swift in Sources */ = {isa = PBXBuildFile; fileRef = F8E0126B1DF57FCE0036DD4D /* WBEmotionKeyboardCell.swift */; };
		F8E0126E1DF580340036DD4D /* Emoticons.bundle in Resources */ = {isa = PBXBuildFile; fileRef = F8E0126D1DF580340036DD4D /* Emoticons.bundle */; };
		F8E621121DE723170062E2EB /* UIColor+WJKAddition.swift in Sources */ = {isa = PBXBuildFile; fileRef = F8E620FF1DE723160062E2EB /* UIColor+WJKAddition.swift */; };
		F8E621131DE723170062E2EB /* UILabel+WJKAddition.swift in Sources */ = {isa = PBXBuildFile; fileRef = F8E621001DE723160062E2EB /* UILabel+WJKAddition.swift */; };
		F8E621141DE723170062E2EB /* WBComposeViewController.swift in Sources */ = {isa = PBXBuildFile; fileRef = F8E621031DE723160062E2EB /* WBComposeViewController.swift */; };
		F8E621151DE723170062E2EB /* WBDiscoverViewController.swift in Sources */ = {isa = PBXBuildFile; fileRef = F8E621051DE723160062E2EB /* WBDiscoverViewController.swift */; };
		F8E621161DE723170062E2EB /* WBHomeViewController.swift in Sources */ = {isa = PBXBuildFile; fileRef = F8E621071DE723160062E2EB /* WBHomeViewController.swift */; };
		F8E621171DE723170062E2EB /* main.json in Resources */ = {isa = PBXBuildFile; fileRef = F8E621091DE723160062E2EB /* main.json */; };
		F8E621181DE723170062E2EB /* WBBaseViewController.swift in Sources */ = {isa = PBXBuildFile; fileRef = F8E6210A1DE723160062E2EB /* WBBaseViewController.swift */; };
		F8E621191DE723170062E2EB /* WBRootViewController.swift in Sources */ = {isa = PBXBuildFile; fileRef = F8E6210B1DE723160062E2EB /* WBRootViewController.swift */; };
		F8E6211A1DE723170062E2EB /* WBVisitorView.swift in Sources */ = {isa = PBXBuildFile; fileRef = F8E6210C1DE723160062E2EB /* WBVisitorView.swift */; };
		F8E6211B1DE723170062E2EB /* WBMessageViewController.swift in Sources */ = {isa = PBXBuildFile; fileRef = F8E6210E1DE723160062E2EB /* WBMessageViewController.swift */; };
		F8E6211C1DE723170062E2EB /* WBProfileViewController.swift in Sources */ = {isa = PBXBuildFile; fileRef = F8E621101DE723160062E2EB /* WBProfileViewController.swift */; };
		F8ED111B1DE7151600ED5AA8 /* AppDelegate.swift in Sources */ = {isa = PBXBuildFile; fileRef = F8ED111A1DE7151600ED5AA8 /* AppDelegate.swift */; };
		F8ED11221DE7151600ED5AA8 /* Assets.xcassets in Resources */ = {isa = PBXBuildFile; fileRef = F8ED11211DE7151600ED5AA8 /* Assets.xcassets */; };
/* End PBXBuildFile section */

/* Begin PBXContainerItemProxy section */
		F83126031FBD835100BC8E82 /* PBXContainerItemProxy */ = {
			isa = PBXContainerItemProxy;
			containerPortal = F8ED110F1DE7151600ED5AA8 /* Project object */;
			proxyType = 1;
			remoteGlobalIDString = F8ED11161DE7151600ED5AA8;
			remoteInfo = weiBo;
		};
/* End PBXContainerItemProxy section */

/* Begin PBXFileReference section */
		21ED7276F9C3C5200691EC62 /* Pods-weiBo.debug.xcconfig */ = {isa = PBXFileReference; includeInIndex = 1; lastKnownFileType = text.xcconfig; name = "Pods-weiBo.debug.xcconfig"; path = "Pods/Target Support Files/Pods-weiBo/Pods-weiBo.debug.xcconfig"; sourceTree = "<group>"; };
		DB84290A49061CCBE0A9BCD5 /* Pods-weiBo.release.xcconfig */ = {isa = PBXFileReference; includeInIndex = 1; lastKnownFileType = text.xcconfig; name = "Pods-weiBo.release.xcconfig"; path = "Pods/Target Support Files/Pods-weiBo/Pods-weiBo.release.xcconfig"; sourceTree = "<group>"; };
		F7D9F20F8982332D266995D1 /* Pods_weiBo.framework */ = {isa = PBXFileReference; explicitFileType = wrapper.framework; includeInIndex = 0; path = Pods_weiBo.framework; sourceTree = BUILT_PRODUCTS_DIR; };
		F800438A1FC4288D00E8244D /* WBRegisterViewController.swift */ = {isa = PBXFileReference; lastKnownFileType = sourcecode.swift; path = WBRegisterViewController.swift; sourceTree = "<group>"; };
		F80770481DF6D7AF00CA7CC7 /* String+Emoji.swift */ = {isa = PBXFileReference; fileEncoding = 4; lastKnownFileType = sourcecode.swift; path = "String+Emoji.swift"; sourceTree = "<group>"; };
		F807704A1DF6E72900CA7CC7 /* WBEmotionModel.swift */ = {isa = PBXFileReference; fileEncoding = 4; lastKnownFileType = sourcecode.swift; path = WBEmotionModel.swift; sourceTree = "<group>"; };
		F807704C1DF6E81700CA7CC7 /* WBEmotionTool.swift */ = {isa = PBXFileReference; fileEncoding = 4; lastKnownFileType = sourcecode.swift; path = WBEmotionTool.swift; sourceTree = "<group>"; };
		F818DE701FBCCF8000C1CABE /* AppDelegate+AppService.swift */ = {isa = PBXFileReference; lastKnownFileType = sourcecode.swift; path = "AppDelegate+AppService.swift"; sourceTree = "<group>"; };
		F81B92451DEB17B600110999 /* WBNewFeatureView.swift */ = {isa = PBXFileReference; fileEncoding = 4; lastKnownFileType = sourcecode.swift; path = WBNewFeatureView.swift; sourceTree = "<group>"; };
		F81B92471DEB17D200110999 /* WBWelcomeView.swift */ = {isa = PBXFileReference; fileEncoding = 4; lastKnownFileType = sourcecode.swift; path = WBWelcomeView.swift; sourceTree = "<group>"; };
		F8215BD81FC0844700042571 /* Launch Screen.storyboard */ = {isa = PBXFileReference; lastKnownFileType = file.storyboard; path = "Launch Screen.storyboard"; sourceTree = "<group>"; };
		F825C2BD1DEDB45E0083836F /* WBOriginalView.swift */ = {isa = PBXFileReference; fileEncoding = 4; lastKnownFileType = sourcecode.swift; path = WBOriginalView.swift; sourceTree = "<group>"; };
		F825C2BF1DEDB4750083836F /* WBPictureView.swift */ = {isa = PBXFileReference; fileEncoding = 4; lastKnownFileType = sourcecode.swift; path = WBPictureView.swift; sourceTree = "<group>"; };
		F825C2C11DEDB4900083836F /* WBRetweetedView.swift */ = {isa = PBXFileReference; fileEncoding = 4; lastKnownFileType = sourcecode.swift; path = WBRetweetedView.swift; sourceTree = "<group>"; };
		F825C2C31DEDB4A10083836F /* WBToolView.swift */ = {isa = PBXFileReference; fileEncoding = 4; lastKnownFileType = sourcecode.swift; path = WBToolView.swift; sourceTree = "<group>"; };
		F825C2C51DEDB4BC0083836F /* WBStatusCell.swift */ = {isa = PBXFileReference; fileEncoding = 4; lastKnownFileType = sourcecode.swift; path = WBStatusCell.swift; sourceTree = "<group>"; };
		F826FD481DE99E44002F90C2 /* common.swift */ = {isa = PBXFileReference; fileEncoding = 4; lastKnownFileType = sourcecode.swift; name = common.swift; path = Category/common.swift; sourceTree = "<group>"; };
		F826FD4A1DE99EA7002F90C2 /* UIButton+WJKAddition.swift */ = {isa = PBXFileReference; fileEncoding = 4; lastKnownFileType = sourcecode.swift; path = "UIButton+WJKAddition.swift"; sourceTree = "<group>"; };
		F826FD4C1DE9B824002F90C2 /* Bundle+WJKAddition.swift */ = {isa = PBXFileReference; fileEncoding = 4; lastKnownFileType = sourcecode.swift; path = "Bundle+WJKAddition.swift"; sourceTree = "<group>"; };
		F826FD4E1DE9B86D002F90C2 /* UIImageView+WJKAddition.swift */ = {isa = PBXFileReference; fileEncoding = 4; lastKnownFileType = sourcecode.swift; path = "UIImageView+WJKAddition.swift"; sourceTree = "<group>"; };
		F82780901DF1B3680093A1A7 /* WBStatusListViewModel.swift */ = {isa = PBXFileReference; fileEncoding = 4; lastKnownFileType = sourcecode.swift; path = WBStatusListViewModel.swift; sourceTree = "<group>"; };
		F83125FE1FBD835100BC8E82 /* weiBoTests.xctest */ = {isa = PBXFileReference; explicitFileType = wrapper.cfbundle; includeInIndex = 0; path = weiBoTests.xctest; sourceTree = BUILT_PRODUCTS_DIR; };
		F83126001FBD835100BC8E82 /* weiBoTests.swift */ = {isa = PBXFileReference; lastKnownFileType = sourcecode.swift; path = weiBoTests.swift; sourceTree = "<group>"; };
		F83126021FBD835100BC8E82 /* Info.plist */ = {isa = PBXFileReference; lastKnownFileType = text.plist.xml; path = Info.plist; sourceTree = "<group>"; };
		F8496AB71DE9DE4700F2FDA5 /* WBOAuthViewController.swift */ = {isa = PBXFileReference; fileEncoding = 4; lastKnownFileType = sourcecode.swift; path = WBOAuthViewController.swift; sourceTree = "<group>"; };
		F849AA611DED8E5000810833 /* WBVisitorModel.swift */ = {isa = PBXFileReference; fileEncoding = 4; lastKnownFileType = sourcecode.swift; path = WBVisitorModel.swift; sourceTree = "<group>"; };
		F849AA631DED8E5000810833 /* WBUserAccountModel.swift */ = {isa = PBXFileReference; fileEncoding = 4; lastKnownFileType = sourcecode.swift; path = WBUserAccountModel.swift; sourceTree = "<group>"; };
		F849AA671DED8F3000810833 /* WBStatusModel.swift */ = {isa = PBXFileReference; fileEncoding = 4; lastKnownFileType = sourcecode.swift; path = WBStatusModel.swift; sourceTree = "<group>"; };
		F849AA691DED8F7000810833 /* WBUser.swift */ = {isa = PBXFileReference; fileEncoding = 4; lastKnownFileType = sourcecode.swift; path = WBUser.swift; sourceTree = "<group>"; };
		F849AA6B1DED8FC900810833 /* WBStatusViewModel.swift */ = {isa = PBXFileReference; fileEncoding = 4; lastKnownFileType = sourcecode.swift; path = WBStatusViewModel.swift; sourceTree = "<group>"; };
		F84C5A161DEEE26900EC4F0A /* Date+WJKAddition.swift */ = {isa = PBXFileReference; fileEncoding = 4; lastKnownFileType = sourcecode.swift; path = "Date+WJKAddition.swift"; sourceTree = "<group>"; };
		F84C5A181DEEF7A300EC4F0A /* UIImage+WJKAddition.swift */ = {isa = PBXFileReference; fileEncoding = 4; lastKnownFileType = sourcecode.swift; path = "UIImage+WJKAddition.swift"; sourceTree = "<group>"; };
		F89250D81FC9BCED0045DC8E /* WBControlView.swift */ = {isa = PBXFileReference; lastKnownFileType = sourcecode.swift; path = WBControlView.swift; sourceTree = "<group>"; };
		F8A63AA31DEF0D6C00EC93B0 /* WBPicUrlsModel.swift */ = {isa = PBXFileReference; fileEncoding = 4; lastKnownFileType = sourcecode.swift; path = WBPicUrlsModel.swift; sourceTree = "<group>"; };
		F8B3C4411DF2E5AB005C7434 /* WBPhotoBrowserViewController.swift */ = {isa = PBXFileReference; fileEncoding = 4; lastKnownFileType = sourcecode.swift; path = WBPhotoBrowserViewController.swift; sourceTree = "<group>"; };
		F8B3C4431DF2E5C0005C7434 /* WBPhotoViewer.swift */ = {isa = PBXFileReference; fileEncoding = 4; lastKnownFileType = sourcecode.swift; path = WBPhotoViewer.swift; sourceTree = "<group>"; };
		F8B3C4451DF2FD05005C7434 /* WBComposeTextView.swift */ = {isa = PBXFileReference; fileEncoding = 4; lastKnownFileType = sourcecode.swift; path = WBComposeTextView.swift; sourceTree = "<group>"; };
		F8C17A361DF8217F0039F43B /* NetworkTool+request.swift */ = {isa = PBXFileReference; fileEncoding = 4; lastKnownFileType = sourcecode.swift; path = "NetworkTool+request.swift"; sourceTree = "<group>"; };
		F8C17A371DF8217F0039F43B /* NetworkManager.swift */ = {isa = PBXFileReference; fileEncoding = 4; lastKnownFileType = sourcecode.swift; path = NetworkManager.swift; sourceTree = "<group>"; };
		F8C17A3A1DF821BE0039F43B /* AXLabel.swift */ = {isa = PBXFileReference; fileEncoding = 4; lastKnownFileType = sourcecode.swift; path = AXLabel.swift; sourceTree = "<group>"; };
		F8C17A3D1DF826C70039F43B /* SqliteManger.swift */ = {isa = PBXFileReference; fileEncoding = 4; lastKnownFileType = sourcecode.swift; path = SqliteManger.swift; sourceTree = "<group>"; };
		F8E012651DF57F760036DD4D /* WBComposeCell.swift */ = {isa = PBXFileReference; fileEncoding = 4; lastKnownFileType = sourcecode.swift; path = WBComposeCell.swift; sourceTree = "<group>"; };
		F8E012671DF57F990036DD4D /* WBEmotionKeyBoard.swift */ = {isa = PBXFileReference; fileEncoding = 4; lastKnownFileType = sourcecode.swift; path = WBEmotionKeyBoard.swift; sourceTree = "<group>"; };
		F8E012691DF57FB50036DD4D /* WBEmotionToolBar.swift */ = {isa = PBXFileReference; fileEncoding = 4; lastKnownFileType = sourcecode.swift; path = WBEmotionToolBar.swift; sourceTree = "<group>"; };
		F8E0126B1DF57FCE0036DD4D /* WBEmotionKeyboardCell.swift */ = {isa = PBXFileReference; fileEncoding = 4; lastKnownFileType = sourcecode.swift; path = WBEmotionKeyboardCell.swift; sourceTree = "<group>"; };
		F8E0126D1DF580340036DD4D /* Emoticons.bundle */ = {isa = PBXFileReference; lastKnownFileType = "wrapper.plug-in"; path = Emoticons.bundle; sourceTree = "<group>"; };
		F8E620FF1DE723160062E2EB /* UIColor+WJKAddition.swift */ = {isa = PBXFileReference; fileEncoding = 4; lastKnownFileType = sourcecode.swift; path = "UIColor+WJKAddition.swift"; sourceTree = "<group>"; };
		F8E621001DE723160062E2EB /* UILabel+WJKAddition.swift */ = {isa = PBXFileReference; fileEncoding = 4; lastKnownFileType = sourcecode.swift; path = "UILabel+WJKAddition.swift"; sourceTree = "<group>"; };
		F8E621031DE723160062E2EB /* WBComposeViewController.swift */ = {isa = PBXFileReference; fileEncoding = 4; lastKnownFileType = sourcecode.swift; path = WBComposeViewController.swift; sourceTree = "<group>"; };
		F8E621051DE723160062E2EB /* WBDiscoverViewController.swift */ = {isa = PBXFileReference; fileEncoding = 4; lastKnownFileType = sourcecode.swift; path = WBDiscoverViewController.swift; sourceTree = "<group>"; };
		F8E621071DE723160062E2EB /* WBHomeViewController.swift */ = {isa = PBXFileReference; fileEncoding = 4; lastKnownFileType = sourcecode.swift; path = WBHomeViewController.swift; sourceTree = "<group>"; };
		F8E621091DE723160062E2EB /* main.json */ = {isa = PBXFileReference; fileEncoding = 4; lastKnownFileType = text.json; path = main.json; sourceTree = "<group>"; };
		F8E6210A1DE723160062E2EB /* WBBaseViewController.swift */ = {isa = PBXFileReference; fileEncoding = 4; lastKnownFileType = sourcecode.swift; path = WBBaseViewController.swift; sourceTree = "<group>"; };
		F8E6210B1DE723160062E2EB /* WBRootViewController.swift */ = {isa = PBXFileReference; fileEncoding = 4; lastKnownFileType = sourcecode.swift; path = WBRootViewController.swift; sourceTree = "<group>"; };
		F8E6210C1DE723160062E2EB /* WBVisitorView.swift */ = {isa = PBXFileReference; fileEncoding = 4; lastKnownFileType = sourcecode.swift; path = WBVisitorView.swift; sourceTree = "<group>"; };
		F8E6210E1DE723160062E2EB /* WBMessageViewController.swift */ = {isa = PBXFileReference; fileEncoding = 4; lastKnownFileType = sourcecode.swift; path = WBMessageViewController.swift; sourceTree = "<group>"; };
		F8E621101DE723160062E2EB /* WBProfileViewController.swift */ = {isa = PBXFileReference; fileEncoding = 4; lastKnownFileType = sourcecode.swift; path = WBProfileViewController.swift; sourceTree = "<group>"; };
		F8ED11171DE7151600ED5AA8 /* weiBo.app */ = {isa = PBXFileReference; explicitFileType = wrapper.application; includeInIndex = 0; path = weiBo.app; sourceTree = BUILT_PRODUCTS_DIR; };
		F8ED111A1DE7151600ED5AA8 /* AppDelegate.swift */ = {isa = PBXFileReference; lastKnownFileType = sourcecode.swift; path = AppDelegate.swift; sourceTree = "<group>"; };
		F8ED11211DE7151600ED5AA8 /* Assets.xcassets */ = {isa = PBXFileReference; lastKnownFileType = folder.assetcatalog; path = Assets.xcassets; sourceTree = "<group>"; };
		F8ED11261DE7151600ED5AA8 /* Info.plist */ = {isa = PBXFileReference; lastKnownFileType = text.plist.xml; path = Info.plist; sourceTree = "<group>"; };
/* End PBXFileReference section */

/* Begin PBXFrameworksBuildPhase section */
		F83125FB1FBD835100BC8E82 /* Frameworks */ = {
			isa = PBXFrameworksBuildPhase;
			buildActionMask = 2147483647;
			files = (
			);
			runOnlyForDeploymentPostprocessing = 0;
		};
		F8ED11141DE7151600ED5AA8 /* Frameworks */ = {
			isa = PBXFrameworksBuildPhase;
			buildActionMask = 2147483647;
			files = (
				A1F1497AE640661F985E41F8 /* Pods_weiBo.framework in Frameworks */,
			);
			runOnlyForDeploymentPostprocessing = 0;
		};
/* End PBXFrameworksBuildPhase section */

/* Begin PBXGroup section */
		20C7D34365E25A33BC3762A2 /* Pods */ = {
			isa = PBXGroup;
			children = (
				21ED7276F9C3C5200691EC62 /* Pods-weiBo.debug.xcconfig */,
				DB84290A49061CCBE0A9BCD5 /* Pods-weiBo.release.xcconfig */,
			);
			name = Pods;
			sourceTree = "<group>";
		};
		7AC29290E501D8345106744F /* Frameworks */ = {
			isa = PBXGroup;
			children = (
				F7D9F20F8982332D266995D1 /* Pods_weiBo.framework */,
			);
			name = Frameworks;
			sourceTree = "<group>";
		};
		F81B92441DEB175C00110999 /* NewFeature */ = {
			isa = PBXGroup;
			children = (
				F81B92451DEB17B600110999 /* WBNewFeatureView.swift */,
				F81B92471DEB17D200110999 /* WBWelcomeView.swift */,
			);
			path = NewFeature;
			sourceTree = "<group>";
		};
		F825C2BC1DEDB4120083836F /* StatusCell */ = {
			isa = PBXGroup;
			children = (
				F825C2BD1DEDB45E0083836F /* WBOriginalView.swift */,
				F825C2BF1DEDB4750083836F /* WBPictureView.swift */,
				F825C2C11DEDB4900083836F /* WBRetweetedView.swift */,
				F825C2C31DEDB4A10083836F /* WBToolView.swift */,
				F825C2C51DEDB4BC0083836F /* WBStatusCell.swift */,
			);
			path = StatusCell;
			sourceTree = "<group>";
		};
		F83125FF1FBD835100BC8E82 /* weiBoTests */ = {
			isa = PBXGroup;
			children = (
				F83126001FBD835100BC8E82 /* weiBoTests.swift */,
				F83126021FBD835100BC8E82 /* Info.plist */,
			);
			path = weiBoTests;
			sourceTree = "<group>";
		};
		F8496AB61DE9DE2900F2FDA5 /* OAuthViewController */ = {
			isa = PBXGroup;
			children = (
				F8496AB71DE9DE4700F2FDA5 /* WBOAuthViewController.swift */,
				F800438A1FC4288D00E8244D /* WBRegisterViewController.swift */,
			);
			path = OAuthViewController;
			sourceTree = "<group>";
		};
		F8B3C4401DF2E589005C7434 /* PhotoBrowser */ = {
			isa = PBXGroup;
			children = (
				F8B3C4411DF2E5AB005C7434 /* WBPhotoBrowserViewController.swift */,
				F8B3C4431DF2E5C0005C7434 /* WBPhotoViewer.swift */,
			);
			path = PhotoBrowser;
			sourceTree = "<group>";
		};
		F8C17A321DF8217F0039F43B /* Subclass */ = {
			isa = PBXGroup;
			children = (
				F8C17A331DF8217F0039F43B /* Label */,
				F8C17A3C1DF826B00039F43B /* SQLite */,
			);
			path = Subclass;
			sourceTree = "<group>";
		};
		F8C17A331DF8217F0039F43B /* Label */ = {
			isa = PBXGroup;
			children = (
				F8C17A3A1DF821BE0039F43B /* AXLabel.swift */,
			);
			path = Label;
			sourceTree = "<group>";
		};
		F8C17A3C1DF826B00039F43B /* SQLite */ = {
			isa = PBXGroup;
			children = (
				F8C17A3D1DF826C70039F43B /* SqliteManger.swift */,
			);
			path = SQLite;
			sourceTree = "<group>";
		};
		F8E012641DF57F540036DD4D /* EmotionKeyboard */ = {
			isa = PBXGroup;
			children = (
				F8E0126D1DF580340036DD4D /* Emoticons.bundle */,
				F8E012671DF57F990036DD4D /* WBEmotionKeyBoard.swift */,
				F8E012691DF57FB50036DD4D /* WBEmotionToolBar.swift */,
				F8E0126B1DF57FCE0036DD4D /* WBEmotionKeyboardCell.swift */,
				F807704C1DF6E81700CA7CC7 /* WBEmotionTool.swift */,
			);
			path = EmotionKeyboard;
			sourceTree = "<group>";
		};
		F8E620FD1DE723160062E2EB /* Utilities */ = {
			isa = PBXGroup;
			children = (
				F826FD481DE99E44002F90C2 /* common.swift */,
				F8E620FE1DE723160062E2EB /* Category */,
				F8C17A321DF8217F0039F43B /* Subclass */,
			);
			path = Utilities;
			sourceTree = "<group>";
		};
		F8E620FE1DE723160062E2EB /* Category */ = {
			isa = PBXGroup;
			children = (
				F826FD4C1DE9B824002F90C2 /* Bundle+WJKAddition.swift */,
				F826FD4A1DE99EA7002F90C2 /* UIButton+WJKAddition.swift */,
				F8E620FF1DE723160062E2EB /* UIColor+WJKAddition.swift */,
				F84C5A161DEEE26900EC4F0A /* Date+WJKAddition.swift */,
				F84C5A181DEEF7A300EC4F0A /* UIImage+WJKAddition.swift */,
				F826FD4E1DE9B86D002F90C2 /* UIImageView+WJKAddition.swift */,
				F8E621001DE723160062E2EB /* UILabel+WJKAddition.swift */,
				F80770481DF6D7AF00CA7CC7 /* String+Emoji.swift */,
			);
			path = Category;
			sourceTree = "<group>";
		};
		F8E621011DE723160062E2EB /* View */ = {
			isa = PBXGroup;
			children = (
				F8B3C4401DF2E589005C7434 /* PhotoBrowser */,
				F8496AB61DE9DE2900F2FDA5 /* OAuthViewController */,
				F8E621041DE723160062E2EB /* Discover */,
				F8E6210D1DE723160062E2EB /* Message */,
				F8E6210F1DE723160062E2EB /* Profile */,
			);
			path = View;
			sourceTree = "<group>";
		};
		F8E621021DE723160062E2EB /* Compose */ = {
			isa = PBXGroup;
			children = (
				F8E012641DF57F540036DD4D /* EmotionKeyboard */,
				F8E621031DE723160062E2EB /* WBComposeViewController.swift */,
				F8B3C4451DF2FD05005C7434 /* WBComposeTextView.swift */,
				F8E012651DF57F760036DD4D /* WBComposeCell.swift */,
			);
			path = Compose;
			sourceTree = "<group>";
		};
		F8E621041DE723160062E2EB /* Discover */ = {
			isa = PBXGroup;
			children = (
				F8E621051DE723160062E2EB /* WBDiscoverViewController.swift */,
			);
			path = Discover;
			sourceTree = "<group>";
		};
		F8E621081DE723160062E2EB /* Main */ = {
			isa = PBXGroup;
			children = (
				F81B92441DEB175C00110999 /* NewFeature */,
				F8E621091DE723160062E2EB /* main.json */,
				F8E6210B1DE723160062E2EB /* WBRootViewController.swift */,
				F89250D81FC9BCED0045DC8E /* WBControlView.swift */,
				F8E6210C1DE723160062E2EB /* WBVisitorView.swift */,
				F849AA611DED8E5000810833 /* WBVisitorModel.swift */,
			);
			path = Main;
			sourceTree = "<group>";
		};
		F8E6210D1DE723160062E2EB /* Message */ = {
			isa = PBXGroup;
			children = (
				F8E6210E1DE723160062E2EB /* WBMessageViewController.swift */,
			);
			path = Message;
			sourceTree = "<group>";
		};
		F8E6210F1DE723160062E2EB /* Profile */ = {
			isa = PBXGroup;
			children = (
				F8E621101DE723160062E2EB /* WBProfileViewController.swift */,
			);
			path = Profile;
			sourceTree = "<group>";
		};
		F8E621111DE723160062E2EB /* ViewModel */ = {
			isa = PBXGroup;
			children = (
				F849AA6B1DED8FC900810833 /* WBStatusViewModel.swift */,
				F82780901DF1B3680093A1A7 /* WBStatusListViewModel.swift */,
			);
			path = ViewModel;
			sourceTree = "<group>";
		};
		F8ED110E1DE7151600ED5AA8 = {
			isa = PBXGroup;
			children = (
				F8FA7DB11FBCA62800258C01 /* iPhone */,
				F8ED11191DE7151600ED5AA8 /* weiBo */,
				F83125FF1FBD835100BC8E82 /* weiBoTests */,
				F8ED11181DE7151600ED5AA8 /* Products */,
				20C7D34365E25A33BC3762A2 /* Pods */,
				7AC29290E501D8345106744F /* Frameworks */,
			);
			sourceTree = "<group>";
		};
		F8ED11181DE7151600ED5AA8 /* Products */ = {
			isa = PBXGroup;
			children = (
				F8ED11171DE7151600ED5AA8 /* weiBo.app */,
				F83125FE1FBD835100BC8E82 /* weiBoTests.xctest */,
			);
			name = Products;
			sourceTree = "<group>";
		};
		F8ED11191DE7151600ED5AA8 /* weiBo */ = {
			isa = PBXGroup;
			children = (
				F8ED11261DE7151600ED5AA8 /* Info.plist */,
			);
			path = weiBo;
			sourceTree = "<group>";
		};
		F8FA7DB11FBCA62800258C01 /* iPhone */ = {
			isa = PBXGroup;
			children = (
				F8FA7DB51FBCA62800258C01 /* AppDelegate */,
				F8FA7DC71FBCA62800258C01 /* Base */,
				F8FA7DB21FBCA62800258C01 /* Define */,
				F8FA7DB41FBCA62800258C01 /* Manager */,
				F8FA7DB61FBCA62800258C01 /* Modules */,
				F8FA7DB31FBCA62800258C01 /* Supporting Flies */,
				F8E620FD1DE723160062E2EB /* Utilities */,
			);
			name = iPhone;
			path = weiBo/iPhone;
			sourceTree = "<group>";
		};
		F8FA7DB21FBCA62800258C01 /* Define */ = {
			isa = PBXGroup;
			children = (
			);
			path = Define;
			sourceTree = "<group>";
		};
		F8FA7DB31FBCA62800258C01 /* Supporting Flies */ = {
			isa = PBXGroup;
			children = (
				F8ED11211DE7151600ED5AA8 /* Assets.xcassets */,
				F8215BD81FC0844700042571 /* Launch Screen.storyboard */,
			);
			path = "Supporting Flies";
			sourceTree = "<group>";
		};
		F8FA7DB41FBCA62800258C01 /* Manager */ = {
			isa = PBXGroup;
			children = (
				F8C17A371DF8217F0039F43B /* NetworkManager.swift */,
				F8C17A361DF8217F0039F43B /* NetworkTool+request.swift */,
			);
			path = Manager;
			sourceTree = "<group>";
		};
		F8FA7DB51FBCA62800258C01 /* AppDelegate */ = {
			isa = PBXGroup;
			children = (
				F8ED111A1DE7151600ED5AA8 /* AppDelegate.swift */,
				F818DE701FBCCF8000C1CABE /* AppDelegate+AppService.swift */,
			);
			path = AppDelegate;
			sourceTree = "<group>";
		};
		F8FA7DB61FBCA62800258C01 /* Modules */ = {
			isa = PBXGroup;
			children = (
				F8FA7DD21FBCABB600258C01 /* Account */,
				F8E621021DE723160062E2EB /* Compose */,
				F8FA7DBB1FBCA62800258C01 /* Discover */,
				F8FA7DB71FBCA62800258C01 /* Home */,
				F8E621081DE723160062E2EB /* Main */,
				F8FA7DBF1FBCA62800258C01 /* Message */,
				F8FA7DC31FBCA62800258C01 /* Mine */,
				F8FA7DCE1FBCABB600258C01 /* Unclassified */,
				F8E621011DE723160062E2EB /* View */,
				F8E621111DE723160062E2EB /* ViewModel */,
			);
			path = Modules;
			sourceTree = "<group>";
		};
		F8FA7DB71FBCA62800258C01 /* Home */ = {
			isa = PBXGroup;
			children = (
				F8FA7DB91FBCA62800258C01 /* Model */,
				F8FA7DB81FBCA62800258C01 /* Controller */,
				F8FA7DBA1FBCA62800258C01 /* View */,
			);
			path = Home;
			sourceTree = "<group>";
		};
		F8FA7DB81FBCA62800258C01 /* Controller */ = {
			isa = PBXGroup;
			children = (
				F8E621071DE723160062E2EB /* WBHomeViewController.swift */,
			);
			path = Controller;
			sourceTree = "<group>";
		};
		F8FA7DB91FBCA62800258C01 /* Model */ = {
			isa = PBXGroup;
			children = (
				F849AA671DED8F3000810833 /* WBStatusModel.swift */,
				F849AA691DED8F7000810833 /* WBUser.swift */,
				F8A63AA31DEF0D6C00EC93B0 /* WBPicUrlsModel.swift */,
			);
			path = Model;
			sourceTree = "<group>";
		};
		F8FA7DBA1FBCA62800258C01 /* View */ = {
			isa = PBXGroup;
			children = (
				F825C2BC1DEDB4120083836F /* StatusCell */,
			);
			path = View;
			sourceTree = "<group>";
		};
		F8FA7DBB1FBCA62800258C01 /* Discover */ = {
			isa = PBXGroup;
			children = (
				F8FA7DBC1FBCA62800258C01 /* Controller */,
				F8FA7DBD1FBCA62800258C01 /* Model */,
				F8FA7DBE1FBCA62800258C01 /* View */,
			);
			path = Discover;
			sourceTree = "<group>";
		};
		F8FA7DBC1FBCA62800258C01 /* Controller */ = {
			isa = PBXGroup;
			children = (
			);
			path = Controller;
			sourceTree = "<group>";
		};
		F8FA7DBD1FBCA62800258C01 /* Model */ = {
			isa = PBXGroup;
			children = (
			);
			path = Model;
			sourceTree = "<group>";
		};
		F8FA7DBE1FBCA62800258C01 /* View */ = {
			isa = PBXGroup;
			children = (
			);
			path = View;
			sourceTree = "<group>";
		};
		F8FA7DBF1FBCA62800258C01 /* Message */ = {
			isa = PBXGroup;
			children = (
				F8FA7DC01FBCA62800258C01 /* Controller */,
				F8FA7DC11FBCA62800258C01 /* Model */,
				F8FA7DC21FBCA62800258C01 /* View */,
			);
			path = Message;
			sourceTree = "<group>";
		};
		F8FA7DC01FBCA62800258C01 /* Controller */ = {
			isa = PBXGroup;
			children = (
			);
			path = Controller;
			sourceTree = "<group>";
		};
		F8FA7DC11FBCA62800258C01 /* Model */ = {
			isa = PBXGroup;
			children = (
			);
			path = Model;
			sourceTree = "<group>";
		};
		F8FA7DC21FBCA62800258C01 /* View */ = {
			isa = PBXGroup;
			children = (
			);
			path = View;
			sourceTree = "<group>";
		};
		F8FA7DC31FBCA62800258C01 /* Mine */ = {
			isa = PBXGroup;
			children = (
				F8FA7DC41FBCA62800258C01 /* Controller */,
				F8FA7DC51FBCA62800258C01 /* Model */,
				F8FA7DC61FBCA62800258C01 /* View */,
			);
			path = Mine;
			sourceTree = "<group>";
		};
		F8FA7DC41FBCA62800258C01 /* Controller */ = {
			isa = PBXGroup;
			children = (
			);
			path = Controller;
			sourceTree = "<group>";
		};
		F8FA7DC51FBCA62800258C01 /* Model */ = {
			isa = PBXGroup;
			children = (
			);
			path = Model;
			sourceTree = "<group>";
		};
		F8FA7DC61FBCA62800258C01 /* View */ = {
			isa = PBXGroup;
			children = (
			);
			path = View;
			sourceTree = "<group>";
		};
		F8FA7DC71FBCA62800258C01 /* Base */ = {
			isa = PBXGroup;
			children = (
				F8FA7DC81FBCA62800258C01 /* WebViewController */,
				F8FA7DC91FBCA62800258C01 /* NavigationController */,
				F8FA7DCA1FBCA62800258C01 /* BaseRequestApi */,
				F8FA7DCB1FBCA62800258C01 /* BaseCell */,
				F8FA7DCC1FBCA62800258C01 /* RootViewController */,
				F8FA7DCD1FBCA62800258C01 /* TabbarController */,
			);
			path = Base;
			sourceTree = "<group>";
		};
		F8FA7DC81FBCA62800258C01 /* WebViewController */ = {
			isa = PBXGroup;
			children = (
			);
			path = WebViewController;
			sourceTree = "<group>";
		};
		F8FA7DC91FBCA62800258C01 /* NavigationController */ = {
			isa = PBXGroup;
			children = (
			);
			path = NavigationController;
			sourceTree = "<group>";
		};
		F8FA7DCA1FBCA62800258C01 /* BaseRequestApi */ = {
			isa = PBXGroup;
			children = (
			);
			path = BaseRequestApi;
			sourceTree = "<group>";
		};
		F8FA7DCB1FBCA62800258C01 /* BaseCell */ = {
			isa = PBXGroup;
			children = (
			);
			path = BaseCell;
			sourceTree = "<group>";
		};
		F8FA7DCC1FBCA62800258C01 /* RootViewController */ = {
			isa = PBXGroup;
			children = (
				F8E6210A1DE723160062E2EB /* WBBaseViewController.swift */,
			);
			path = RootViewController;
			sourceTree = "<group>";
		};
		F8FA7DCD1FBCA62800258C01 /* TabbarController */ = {
			isa = PBXGroup;
			children = (
			);
			path = TabbarController;
			sourceTree = "<group>";
		};
		F8FA7DCE1FBCABB600258C01 /* Unclassified */ = {
			isa = PBXGroup;
			children = (
				F8FA7DCF1FBCABB600258C01 /* Controller */,
				F8FA7DD01FBCABB600258C01 /* Model */,
				F8FA7DD11FBCABB600258C01 /* View */,
			);
			path = Unclassified;
			sourceTree = "<group>";
		};
		F8FA7DCF1FBCABB600258C01 /* Controller */ = {
			isa = PBXGroup;
			children = (
			);
			path = Controller;
			sourceTree = "<group>";
		};
		F8FA7DD01FBCABB600258C01 /* Model */ = {
			isa = PBXGroup;
			children = (
				F807704A1DF6E72900CA7CC7 /* WBEmotionModel.swift */,
			);
			path = Model;
			sourceTree = "<group>";
		};
		F8FA7DD11FBCABB600258C01 /* View */ = {
			isa = PBXGroup;
			children = (
			);
			path = View;
			sourceTree = "<group>";
		};
		F8FA7DD21FBCABB600258C01 /* Account */ = {
			isa = PBXGroup;
			children = (
				F8FA7DD31FBCABB600258C01 /* Controller */,
				F8FA7DD41FBCABB600258C01 /* Model */,
				F8FA7DD51FBCABB600258C01 /* View */,
			);
			path = Account;
			sourceTree = "<group>";
		};
		F8FA7DD31FBCABB600258C01 /* Controller */ = {
			isa = PBXGroup;
			children = (
			);
			path = Controller;
			sourceTree = "<group>";
		};
		F8FA7DD41FBCABB600258C01 /* Model */ = {
			isa = PBXGroup;
			children = (
				F849AA631DED8E5000810833 /* WBUserAccountModel.swift */,
			);
			path = Model;
			sourceTree = "<group>";
		};
		F8FA7DD51FBCABB600258C01 /* View */ = {
			isa = PBXGroup;
			children = (
			);
			path = View;
			sourceTree = "<group>";
		};
/* End PBXGroup section */

/* Begin PBXNativeTarget section */
		F83125FD1FBD835100BC8E82 /* weiBoTests */ = {
			isa = PBXNativeTarget;
			buildConfigurationList = F83126071FBD835100BC8E82 /* Build configuration list for PBXNativeTarget "weiBoTests" */;
			buildPhases = (
				F83125FA1FBD835100BC8E82 /* Sources */,
				F83125FB1FBD835100BC8E82 /* Frameworks */,
				F83125FC1FBD835100BC8E82 /* Resources */,
			);
			buildRules = (
			);
			dependencies = (
				F83126041FBD835100BC8E82 /* PBXTargetDependency */,
			);
			name = weiBoTests;
			productName = weiBoTests;
			productReference = F83125FE1FBD835100BC8E82 /* weiBoTests.xctest */;
			productType = "com.apple.product-type.bundle.unit-test";
		};
		F8ED11161DE7151600ED5AA8 /* weiBo */ = {
			isa = PBXNativeTarget;
			buildConfigurationList = F8ED11291DE7151600ED5AA8 /* Build configuration list for PBXNativeTarget "weiBo" */;
			buildPhases = (
				10483A1CBD61B1818C037020 /* [CP] Check Pods Manifest.lock */,
				F8ED11131DE7151600ED5AA8 /* Sources */,
				F8ED11141DE7151600ED5AA8 /* Frameworks */,
				F8ED11151DE7151600ED5AA8 /* Resources */,
				E21C0DE952A5F74943AF1E38 /* [CP] Embed Pods Frameworks */,
				DA6501E6C24AF09548A5C3D1 /* [CP] Copy Pods Resources */,
			);
			buildRules = (
			);
			dependencies = (
			);
			name = weiBo;
			productName = weiBo;
			productReference = F8ED11171DE7151600ED5AA8 /* weiBo.app */;
			productType = "com.apple.product-type.application";
		};
/* End PBXNativeTarget section */

/* Begin PBXProject section */
		F8ED110F1DE7151600ED5AA8 /* Project object */ = {
			isa = PBXProject;
			attributes = {
				CLASSPREFIX = WB;
				LastSwiftUpdateCheck = 0910;
				LastUpgradeCheck = 0910;
				ORGANIZATIONNAME = "王靖凯";
				TargetAttributes = {
					F83125FD1FBD835100BC8E82 = {
						CreatedOnToolsVersion = 9.1;
						DevelopmentTeam = 8QAM996SBN;
						ProvisioningStyle = Automatic;
						TestTargetID = F8ED11161DE7151600ED5AA8;
					};
					F8ED11161DE7151600ED5AA8 = {
						CreatedOnToolsVersion = 8.1;
						DevelopmentTeam = 8QAM996SBN;
						LastSwiftMigration = 0910;
						ProvisioningStyle = Automatic;
					};
				};
			};
			buildConfigurationList = F8ED11121DE7151600ED5AA8 /* Build configuration list for PBXProject "weiBo" */;
			compatibilityVersion = "Xcode 3.2";
			developmentRegion = English;
			hasScannedForEncodings = 0;
			knownRegions = (
				en,
				Base,
			);
			mainGroup = F8ED110E1DE7151600ED5AA8;
			productRefGroup = F8ED11181DE7151600ED5AA8 /* Products */;
			projectDirPath = "";
			projectRoot = "";
			targets = (
				F8ED11161DE7151600ED5AA8 /* weiBo */,
				F83125FD1FBD835100BC8E82 /* weiBoTests */,
			);
		};
/* End PBXProject section */

/* Begin PBXResourcesBuildPhase section */
		F83125FC1FBD835100BC8E82 /* Resources */ = {
			isa = PBXResourcesBuildPhase;
			buildActionMask = 2147483647;
			files = (
			);
			runOnlyForDeploymentPostprocessing = 0;
		};
		F8ED11151DE7151600ED5AA8 /* Resources */ = {
			isa = PBXResourcesBuildPhase;
			buildActionMask = 2147483647;
			files = (
				F8E621171DE723170062E2EB /* main.json in Resources */,
				F8E0126E1DF580340036DD4D /* Emoticons.bundle in Resources */,
				F8215BD91FC0844700042571 /* Launch Screen.storyboard in Resources */,
				F8ED11221DE7151600ED5AA8 /* Assets.xcassets in Resources */,
			);
			runOnlyForDeploymentPostprocessing = 0;
		};
/* End PBXResourcesBuildPhase section */

/* Begin PBXShellScriptBuildPhase section */
		10483A1CBD61B1818C037020 /* [CP] Check Pods Manifest.lock */ = {
			isa = PBXShellScriptBuildPhase;
			buildActionMask = 2147483647;
			files = (
			);
			inputPaths = (
				"${PODS_PODFILE_DIR_PATH}/Podfile.lock",
				"${PODS_ROOT}/Manifest.lock",
			);
			name = "[CP] Check Pods Manifest.lock";
			outputPaths = (
				"$(DERIVED_FILE_DIR)/Pods-weiBo-checkManifestLockResult.txt",
			);
			runOnlyForDeploymentPostprocessing = 0;
			shellPath = /bin/sh;
			shellScript = "diff \"${PODS_PODFILE_DIR_PATH}/Podfile.lock\" \"${PODS_ROOT}/Manifest.lock\" > /dev/null\nif [ $? != 0 ] ; then\n    # print error to STDERR\n    echo \"error: The sandbox is not in sync with the Podfile.lock. Run 'pod install' or update your CocoaPods installation.\" >&2\n    exit 1\nfi\n# This output is used by Xcode 'outputs' to avoid re-running this script phase.\necho \"SUCCESS\" > \"${SCRIPT_OUTPUT_FILE_0}\"\n";
			showEnvVarsInLog = 0;
		};
		DA6501E6C24AF09548A5C3D1 /* [CP] Copy Pods Resources */ = {
			isa = PBXShellScriptBuildPhase;
			buildActionMask = 2147483647;
			files = (
			);
			inputPaths = (
			);
			name = "[CP] Copy Pods Resources";
			outputPaths = (
			);
			runOnlyForDeploymentPostprocessing = 0;
			shellPath = /bin/sh;
			shellScript = "\"${SRCROOT}/Pods/Target Support Files/Pods-weiBo/Pods-weiBo-resources.sh\"\n";
			showEnvVarsInLog = 0;
		};
		E21C0DE952A5F74943AF1E38 /* [CP] Embed Pods Frameworks */ = {
			isa = PBXShellScriptBuildPhase;
			buildActionMask = 2147483647;
			files = (
			);
			inputPaths = (
				"${SRCROOT}/Pods/Target Support Files/Pods-weiBo/Pods-weiBo-frameworks.sh",
				"${BUILT_PRODUCTS_DIR}/AFNetworking/AFNetworking.framework",
				"${BUILT_PRODUCTS_DIR}/Alamofire/Alamofire.framework",
				"${BUILT_PRODUCTS_DIR}/FMDB/FMDB.framework",
				"${BUILT_PRODUCTS_DIR}/GTMWebKit/GTMWebKit.framework",
				"${BUILT_PRODUCTS_DIR}/HandyJSON/HandyJSON.framework",
				"${BUILT_PRODUCTS_DIR}/ImageViewer/ImageViewer.framework",
				"${BUILT_PRODUCTS_DIR}/Kingfisher/Kingfisher.framework",
				"${BUILT_PRODUCTS_DIR}/MJRefresh/MJRefresh.framework",
				"${BUILT_PRODUCTS_DIR}/ObjcExceptionBridging/ObjcExceptionBridging.framework",
				"${BUILT_PRODUCTS_DIR}/SVProgressHUD/SVProgressHUD.framework",
				"${BUILT_PRODUCTS_DIR}/SnapKit/SnapKit.framework",
				"${BUILT_PRODUCTS_DIR}/XCGLogger/XCGLogger.framework",
			);
			name = "[CP] Embed Pods Frameworks";
			outputPaths = (
				"${TARGET_BUILD_DIR}/${FRAMEWORKS_FOLDER_PATH}/AFNetworking.framework",
				"${TARGET_BUILD_DIR}/${FRAMEWORKS_FOLDER_PATH}/Alamofire.framework",
				"${TARGET_BUILD_DIR}/${FRAMEWORKS_FOLDER_PATH}/FMDB.framework",
				"${TARGET_BUILD_DIR}/${FRAMEWORKS_FOLDER_PATH}/GTMWebKit.framework",
				"${TARGET_BUILD_DIR}/${FRAMEWORKS_FOLDER_PATH}/HandyJSON.framework",
				"${TARGET_BUILD_DIR}/${FRAMEWORKS_FOLDER_PATH}/ImageViewer.framework",
				"${TARGET_BUILD_DIR}/${FRAMEWORKS_FOLDER_PATH}/Kingfisher.framework",
				"${TARGET_BUILD_DIR}/${FRAMEWORKS_FOLDER_PATH}/MJRefresh.framework",
				"${TARGET_BUILD_DIR}/${FRAMEWORKS_FOLDER_PATH}/ObjcExceptionBridging.framework",
				"${TARGET_BUILD_DIR}/${FRAMEWORKS_FOLDER_PATH}/SVProgressHUD.framework",
				"${TARGET_BUILD_DIR}/${FRAMEWORKS_FOLDER_PATH}/SnapKit.framework",
				"${TARGET_BUILD_DIR}/${FRAMEWORKS_FOLDER_PATH}/XCGLogger.framework",
			);
			runOnlyForDeploymentPostprocessing = 0;
			shellPath = /bin/sh;
			shellScript = "\"${SRCROOT}/Pods/Target Support Files/Pods-weiBo/Pods-weiBo-frameworks.sh\"\n";
			showEnvVarsInLog = 0;
		};
/* End PBXShellScriptBuildPhase section */

/* Begin PBXSourcesBuildPhase section */
		F83125FA1FBD835100BC8E82 /* Sources */ = {
			isa = PBXSourcesBuildPhase;
			buildActionMask = 2147483647;
			files = (
				F83126011FBD835100BC8E82 /* weiBoTests.swift in Sources */,
			);
			runOnlyForDeploymentPostprocessing = 0;
		};
		F8ED11131DE7151600ED5AA8 /* Sources */ = {
			isa = PBXSourcesBuildPhase;
			buildActionMask = 2147483647;
			files = (
				F8C17A391DF8217F0039F43B /* NetworkManager.swift in Sources */,
				F807704D1DF6E81700CA7CC7 /* WBEmotionTool.swift in Sources */,
				F8E621181DE723170062E2EB /* WBBaseViewController.swift in Sources */,
				F826FD4B1DE99EA7002F90C2 /* UIButton+WJKAddition.swift in Sources */,
				F81B92481DEB17D200110999 /* WBWelcomeView.swift in Sources */,
				F84C5A171DEEE26900EC4F0A /* Date+WJKAddition.swift in Sources */,
				F800438B1FC4288D00E8244D /* WBRegisterViewController.swift in Sources */,
				F849AA651DED8E5000810833 /* WBUserAccountModel.swift in Sources */,
				F8B3C4421DF2E5AB005C7434 /* WBPhotoBrowserViewController.swift in Sources */,
				F8C17A381DF8217F0039F43B /* NetworkTool+request.swift in Sources */,
				F82780911DF1B3680093A1A7 /* WBStatusListViewModel.swift in Sources */,
				F8B3C4441DF2E5C0005C7434 /* WBPhotoViewer.swift in Sources */,
				F8496AB81DE9DE4700F2FDA5 /* WBOAuthViewController.swift in Sources */,
				F89250D91FC9BCED0045DC8E /* WBControlView.swift in Sources */,
				F8E0126C1DF57FCE0036DD4D /* WBEmotionKeyboardCell.swift in Sources */,
				F8E621191DE723170062E2EB /* WBRootViewController.swift in Sources */,
				F8E621151DE723170062E2EB /* WBDiscoverViewController.swift in Sources */,
				F8C17A3B1DF821BE0039F43B /* AXLabel.swift in Sources */,
				F849AA6A1DED8F7000810833 /* WBUser.swift in Sources */,
				F825C2C61DEDB4BC0083836F /* WBStatusCell.swift in Sources */,
				F826FD4F1DE9B86D002F90C2 /* UIImageView+WJKAddition.swift in Sources */,
				F81B92461DEB17B600110999 /* WBNewFeatureView.swift in Sources */,
				F8E0126A1DF57FB50036DD4D /* WBEmotionToolBar.swift in Sources */,
				F849AA641DED8E5000810833 /* WBVisitorModel.swift in Sources */,
				F825C2C41DEDB4A10083836F /* WBToolView.swift in Sources */,
				F8A63AA41DEF0D6C00EC93B0 /* WBPicUrlsModel.swift in Sources */,
				F8E012661DF57F760036DD4D /* WBComposeCell.swift in Sources */,
				F8E621121DE723170062E2EB /* UIColor+WJKAddition.swift in Sources */,
				F8E621161DE723170062E2EB /* WBHomeViewController.swift in Sources */,
				F8E6211A1DE723170062E2EB /* WBVisitorView.swift in Sources */,
				F8ED111B1DE7151600ED5AA8 /* AppDelegate.swift in Sources */,
				F849AA6C1DED8FC900810833 /* WBStatusViewModel.swift in Sources */,
				F80770491DF6D7AF00CA7CC7 /* String+Emoji.swift in Sources */,
				F8E6211C1DE723170062E2EB /* WBProfileViewController.swift in Sources */,
				F8E6211B1DE723170062E2EB /* WBMessageViewController.swift in Sources */,
				F825C2C21DEDB4900083836F /* WBRetweetedView.swift in Sources */,
				F807704B1DF6E72900CA7CC7 /* WBEmotionModel.swift in Sources */,
				F8C17A3E1DF826C70039F43B /* SqliteManger.swift in Sources */,
				F8E621141DE723170062E2EB /* WBComposeViewController.swift in Sources */,
				F84C5A191DEEF7A300EC4F0A /* UIImage+WJKAddition.swift in Sources */,
				F849AA681DED8F3000810833 /* WBStatusModel.swift in Sources */,
				F818DE711FBCCF8000C1CABE /* AppDelegate+AppService.swift in Sources */,
				F826FD4D1DE9B824002F90C2 /* Bundle+WJKAddition.swift in Sources */,
				F825C2BE1DEDB45E0083836F /* WBOriginalView.swift in Sources */,
				F826FD491DE99E44002F90C2 /* common.swift in Sources */,
				F8E012681DF57F990036DD4D /* WBEmotionKeyBoard.swift in Sources */,
				F8B3C4461DF2FD05005C7434 /* WBComposeTextView.swift in Sources */,
				F8E621131DE723170062E2EB /* UILabel+WJKAddition.swift in Sources */,
				F825C2C01DEDB4750083836F /* WBPictureView.swift in Sources */,
			);
			runOnlyForDeploymentPostprocessing = 0;
		};
/* End PBXSourcesBuildPhase section */

/* Begin PBXTargetDependency section */
		F83126041FBD835100BC8E82 /* PBXTargetDependency */ = {
			isa = PBXTargetDependency;
			target = F8ED11161DE7151600ED5AA8 /* weiBo */;
			targetProxy = F83126031FBD835100BC8E82 /* PBXContainerItemProxy */;
		};
/* End PBXTargetDependency section */

/* Begin XCBuildConfiguration section */
		F83126051FBD835100BC8E82 /* Debug */ = {
			isa = XCBuildConfiguration;
			buildSettings = {
				BUNDLE_LOADER = "$(TEST_HOST)";
				CLANG_ANALYZER_NUMBER_OBJECT_CONVERSION = YES_AGGRESSIVE;
				CLANG_CXX_LANGUAGE_STANDARD = "gnu++14";
				CLANG_WARN_UNGUARDED_AVAILABILITY = YES_AGGRESSIVE;
				CODE_SIGN_IDENTITY = "iPhone Developer";
				CODE_SIGN_STYLE = Automatic;
				DEVELOPMENT_TEAM = 8QAM996SBN;
				GCC_C_LANGUAGE_STANDARD = gnu11;
				INFOPLIST_FILE = weiBoTests/Info.plist;
				IPHONEOS_DEPLOYMENT_TARGET = 11.1;
				LD_RUNPATH_SEARCH_PATHS = "$(inherited) @executable_path/Frameworks @loader_path/Frameworks";
				PRODUCT_BUNDLE_IDENTIFIER = wjk930726.weiBoTests;
				PRODUCT_NAME = "$(TARGET_NAME)";
				SWIFT_VERSION = 4.0;
				TARGETED_DEVICE_FAMILY = "1,2";
				TEST_HOST = "$(BUILT_PRODUCTS_DIR)/weiBo.app/weiBo";
			};
			name = Debug;
		};
		F83126061FBD835100BC8E82 /* Release */ = {
			isa = XCBuildConfiguration;
			buildSettings = {
				BUNDLE_LOADER = "$(TEST_HOST)";
				CLANG_ANALYZER_NUMBER_OBJECT_CONVERSION = YES_AGGRESSIVE;
				CLANG_CXX_LANGUAGE_STANDARD = "gnu++14";
				CLANG_WARN_UNGUARDED_AVAILABILITY = YES_AGGRESSIVE;
				CODE_SIGN_IDENTITY = "iPhone Developer";
				CODE_SIGN_STYLE = Automatic;
				DEVELOPMENT_TEAM = 8QAM996SBN;
				GCC_C_LANGUAGE_STANDARD = gnu11;
				INFOPLIST_FILE = weiBoTests/Info.plist;
				IPHONEOS_DEPLOYMENT_TARGET = 11.1;
				LD_RUNPATH_SEARCH_PATHS = "$(inherited) @executable_path/Frameworks @loader_path/Frameworks";
				PRODUCT_BUNDLE_IDENTIFIER = wjk930726.weiBoTests;
				PRODUCT_NAME = "$(TARGET_NAME)";
				SWIFT_VERSION = 4.0;
				TARGETED_DEVICE_FAMILY = "1,2";
				TEST_HOST = "$(BUILT_PRODUCTS_DIR)/weiBo.app/weiBo";
			};
			name = Release;
		};
		F8ED11271DE7151600ED5AA8 /* Debug */ = {
			isa = XCBuildConfiguration;
			buildSettings = {
				ALWAYS_SEARCH_USER_PATHS = NO;
				CLANG_ANALYZER_NONNULL = YES;
				CLANG_CXX_LANGUAGE_STANDARD = "gnu++0x";
				CLANG_CXX_LIBRARY = "libc++";
				CLANG_ENABLE_MODULES = YES;
				CLANG_ENABLE_OBJC_ARC = YES;
				CLANG_WARN_BLOCK_CAPTURE_AUTORELEASING = YES;
				CLANG_WARN_BOOL_CONVERSION = YES;
				CLANG_WARN_COMMA = YES;
				CLANG_WARN_CONSTANT_CONVERSION = YES;
				CLANG_WARN_DIRECT_OBJC_ISA_USAGE = YES_ERROR;
				CLANG_WARN_DOCUMENTATION_COMMENTS = YES;
				CLANG_WARN_EMPTY_BODY = YES;
				CLANG_WARN_ENUM_CONVERSION = YES;
				CLANG_WARN_INFINITE_RECURSION = YES;
				CLANG_WARN_INT_CONVERSION = YES;
				CLANG_WARN_NON_LITERAL_NULL_CONVERSION = YES;
				CLANG_WARN_OBJC_LITERAL_CONVERSION = YES;
				CLANG_WARN_OBJC_ROOT_CLASS = YES_ERROR;
				CLANG_WARN_RANGE_LOOP_ANALYSIS = YES;
				CLANG_WARN_STRICT_PROTOTYPES = YES;
				CLANG_WARN_SUSPICIOUS_MOVE = YES;
				CLANG_WARN_SUSPICIOUS_MOVES = YES;
				CLANG_WARN_UNREACHABLE_CODE = YES;
				CLANG_WARN__DUPLICATE_METHOD_MATCH = YES;
				"CODE_SIGN_IDENTITY[sdk=iphoneos*]" = "iPhone Developer";
				COPY_PHASE_STRIP = NO;
				DEBUG_INFORMATION_FORMAT = dwarf;
				ENABLE_STRICT_OBJC_MSGSEND = YES;
				ENABLE_TESTABILITY = YES;
				GCC_C_LANGUAGE_STANDARD = gnu99;
				GCC_DYNAMIC_NO_PIC = NO;
				GCC_NO_COMMON_BLOCKS = YES;
				GCC_OPTIMIZATION_LEVEL = 0;
				GCC_PREPROCESSOR_DEFINITIONS = (
					"DEBUG=1",
					"$(inherited)",
				);
				GCC_WARN_64_TO_32_BIT_CONVERSION = YES;
				GCC_WARN_ABOUT_RETURN_TYPE = YES_ERROR;
				GCC_WARN_UNDECLARED_SELECTOR = YES;
				GCC_WARN_UNINITIALIZED_AUTOS = YES_AGGRESSIVE;
				GCC_WARN_UNUSED_FUNCTION = YES;
				GCC_WARN_UNUSED_VARIABLE = YES;
				IPHONEOS_DEPLOYMENT_TARGET = 10.1;
				MTL_ENABLE_DEBUG_INFO = YES;
				ONLY_ACTIVE_ARCH = YES;
				SDKROOT = iphoneos;
				SWIFT_ACTIVE_COMPILATION_CONDITIONS = DEBUG;
				SWIFT_OPTIMIZATION_LEVEL = "-Onone";
			};
			name = Debug;
		};
		F8ED11281DE7151600ED5AA8 /* Release */ = {
			isa = XCBuildConfiguration;
			buildSettings = {
				ALWAYS_SEARCH_USER_PATHS = NO;
				CLANG_ANALYZER_NONNULL = YES;
				CLANG_CXX_LANGUAGE_STANDARD = "gnu++0x";
				CLANG_CXX_LIBRARY = "libc++";
				CLANG_ENABLE_MODULES = YES;
				CLANG_ENABLE_OBJC_ARC = YES;
				CLANG_WARN_BLOCK_CAPTURE_AUTORELEASING = YES;
				CLANG_WARN_BOOL_CONVERSION = YES;
				CLANG_WARN_COMMA = YES;
				CLANG_WARN_CONSTANT_CONVERSION = YES;
				CLANG_WARN_DIRECT_OBJC_ISA_USAGE = YES_ERROR;
				CLANG_WARN_DOCUMENTATION_COMMENTS = YES;
				CLANG_WARN_EMPTY_BODY = YES;
				CLANG_WARN_ENUM_CONVERSION = YES;
				CLANG_WARN_INFINITE_RECURSION = YES;
				CLANG_WARN_INT_CONVERSION = YES;
				CLANG_WARN_NON_LITERAL_NULL_CONVERSION = YES;
				CLANG_WARN_OBJC_LITERAL_CONVERSION = YES;
				CLANG_WARN_OBJC_ROOT_CLASS = YES_ERROR;
				CLANG_WARN_RANGE_LOOP_ANALYSIS = YES;
				CLANG_WARN_STRICT_PROTOTYPES = YES;
				CLANG_WARN_SUSPICIOUS_MOVE = YES;
				CLANG_WARN_SUSPICIOUS_MOVES = YES;
				CLANG_WARN_UNREACHABLE_CODE = YES;
				CLANG_WARN__DUPLICATE_METHOD_MATCH = YES;
				"CODE_SIGN_IDENTITY[sdk=iphoneos*]" = "iPhone Developer";
				COPY_PHASE_STRIP = NO;
				DEBUG_INFORMATION_FORMAT = "dwarf-with-dsym";
				ENABLE_NS_ASSERTIONS = NO;
				ENABLE_STRICT_OBJC_MSGSEND = YES;
				GCC_C_LANGUAGE_STANDARD = gnu99;
				GCC_NO_COMMON_BLOCKS = YES;
				GCC_WARN_64_TO_32_BIT_CONVERSION = YES;
				GCC_WARN_ABOUT_RETURN_TYPE = YES_ERROR;
				GCC_WARN_UNDECLARED_SELECTOR = YES;
				GCC_WARN_UNINITIALIZED_AUTOS = YES_AGGRESSIVE;
				GCC_WARN_UNUSED_FUNCTION = YES;
				GCC_WARN_UNUSED_VARIABLE = YES;
				IPHONEOS_DEPLOYMENT_TARGET = 10.1;
				MTL_ENABLE_DEBUG_INFO = NO;
				SDKROOT = iphoneos;
				SWIFT_OPTIMIZATION_LEVEL = "-Owholemodule";
				VALIDATE_PRODUCT = YES;
			};
			name = Release;
		};
		F8ED112A1DE7151600ED5AA8 /* Debug */ = {
			isa = XCBuildConfiguration;
			baseConfigurationReference = 21ED7276F9C3C5200691EC62 /* Pods-weiBo.debug.xcconfig */;
			buildSettings = {
				ASSETCATALOG_COMPILER_APPICON_NAME = AppIcon;
				DEVELOPMENT_TEAM = 8QAM996SBN;
				INFOPLIST_FILE = weiBo/Info.plist;
				IPHONEOS_DEPLOYMENT_TARGET = 9.0;
				LD_RUNPATH_SEARCH_PATHS = "$(inherited) @executable_path/Frameworks";
				PRODUCT_BUNDLE_IDENTIFIER = wjk930726.weiBo;
				PRODUCT_NAME = "$(TARGET_NAME)";
				SWIFT_SWIFT3_OBJC_INFERENCE = Default;
				SWIFT_VERSION = 4.0;
			};
			name = Debug;
		};
		F8ED112B1DE7151600ED5AA8 /* Release */ = {
			isa = XCBuildConfiguration;
			baseConfigurationReference = DB84290A49061CCBE0A9BCD5 /* Pods-weiBo.release.xcconfig */;
			buildSettings = {
				ASSETCATALOG_COMPILER_APPICON_NAME = AppIcon;
				DEVELOPMENT_TEAM = 8QAM996SBN;
				INFOPLIST_FILE = weiBo/Info.plist;
				IPHONEOS_DEPLOYMENT_TARGET = 9.0;
				LD_RUNPATH_SEARCH_PATHS = "$(inherited) @executable_path/Frameworks";
				PRODUCT_BUNDLE_IDENTIFIER = wjk930726.weiBo;
				PRODUCT_NAME = "$(TARGET_NAME)";
				SWIFT_SWIFT3_OBJC_INFERENCE = Default;
				SWIFT_VERSION = 4.0;
			};
			name = Release;
		};
/* End XCBuildConfiguration section */

/* Begin XCConfigurationList section */
		F83126071FBD835100BC8E82 /* Build configuration list for PBXNativeTarget "weiBoTests" */ = {
			isa = XCConfigurationList;
			buildConfigurations = (
				F83126051FBD835100BC8E82 /* Debug */,
				F83126061FBD835100BC8E82 /* Release */,
			);
			defaultConfigurationIsVisible = 0;
			defaultConfigurationName = Release;
		};
		F8ED11121DE7151600ED5AA8 /* Build configuration list for PBXProject "weiBo" */ = {
			isa = XCConfigurationList;
			buildConfigurations = (
				F8ED11271DE7151600ED5AA8 /* Debug */,
				F8ED11281DE7151600ED5AA8 /* Release */,
			);
			defaultConfigurationIsVisible = 0;
			defaultConfigurationName = Release;
		};
		F8ED11291DE7151600ED5AA8 /* Build configuration list for PBXNativeTarget "weiBo" */ = {
			isa = XCConfigurationList;
			buildConfigurations = (
				F8ED112A1DE7151600ED5AA8 /* Debug */,
				F8ED112B1DE7151600ED5AA8 /* Release */,
			);
			defaultConfigurationIsVisible = 0;
			defaultConfigurationName = Release;
		};
/* End XCConfigurationList section */
	};
	rootObject = F8ED110F1DE7151600ED5AA8 /* Project object */;
}
